// !$*UTF8*$!
{
	archiveVersion = 1;
	classes = {
	};
	objectVersion = 51;
	objects = {

/* Begin PBXBuildFile section */
		271A989E243BFDBF008C032D /* CBLURLEndpointListener.cc in Sources */ = {isa = PBXBuildFile; fileRef = 271A989D243BFDBF008C032D /* CBLURLEndpointListener.cc */; };
		271A98A3243C0865008C032D /* libLiteCoreREST-static.a in Frameworks */ = {isa = PBXBuildFile; fileRef = 271C2A5521CAD5950045856E /* libLiteCoreREST-static.a */; };
		271A98B0243FDF56008C032D /* SystemConfiguration.framework in Frameworks */ = {isa = PBXBuildFile; fileRef = 271A98AF243FDF55008C032D /* SystemConfiguration.framework */; };
		271C2A3121CAC98F0045856E /* CBLReplicator.h in Headers */ = {isa = PBXBuildFile; fileRef = 271C2A2C21CAC98F0045856E /* CBLReplicator.h */; };
		271C2A3221CAC98F0045856E /* CBLBase.h in Headers */ = {isa = PBXBuildFile; fileRef = 271C2A2D21CAC98F0045856E /* CBLBase.h */; };
		271C2A3321CAC98F0045856E /* CBLDocument.h in Headers */ = {isa = PBXBuildFile; fileRef = 271C2A2E21CAC98F0045856E /* CBLDocument.h */; };
		271C2A3421CAC98F0045856E /* CBLDatabase.h in Headers */ = {isa = PBXBuildFile; fileRef = 271C2A2F21CAC98F0045856E /* CBLDatabase.h */; };
		271C2A3521CAC98F0045856E /* CBLQuery.h in Headers */ = {isa = PBXBuildFile; fileRef = 271C2A3021CAC98F0045856E /* CBLQuery.h */; };
		271C2A6F21CAD5B30045856E /* CBLBase.cc in Sources */ = {isa = PBXBuildFile; fileRef = 271C2A6E21CAD5B30045856E /* CBLBase.cc */; };
		271C2A7221CADB170045856E /* CBLDatabase.cc in Sources */ = {isa = PBXBuildFile; fileRef = 271C2A7121CADB170045856E /* CBLDatabase.cc */; };
		271C2A7521CC4BD60045856E /* Util.hh in Headers */ = {isa = PBXBuildFile; fileRef = 271C2A7321CC4BD60045856E /* Util.hh */; };
		271C2A7621CC4BD60045856E /* Util.cc in Sources */ = {isa = PBXBuildFile; fileRef = 271C2A7421CC4BD60045856E /* Util.cc */; };
		271C2A7821CC750E0045856E /* CBLDocument.cc in Sources */ = {isa = PBXBuildFile; fileRef = 271C2A7721CC750E0045856E /* CBLDocument.cc */; };
		2736A634242E5A74002B9D65 /* ReplicatorEETest.cc in Sources */ = {isa = PBXBuildFile; fileRef = 2736A633242E5A74002B9D65 /* ReplicatorEETest.cc */; };
		2736A635242E5A74002B9D65 /* ReplicatorEETest.cc in Sources */ = {isa = PBXBuildFile; fileRef = 2736A633242E5A74002B9D65 /* ReplicatorEETest.cc */; };
		273CE7E22452123400D01CA2 /* libfleeceBase.a in Frameworks */ = {isa = PBXBuildFile; fileRef = 27B61DBA21D6FF2D0027CCDB /* libfleeceBase.a */; };
		275B3576234810C400FE9CF0 /* Foundation.framework in Frameworks */ = {isa = PBXBuildFile; fileRef = 275B3567234810C400FE9CF0 /* Foundation.framework */; };
		275B358723481AE700FE9CF0 /* Foundation.framework in Frameworks */ = {isa = PBXBuildFile; fileRef = 275B3567234810C400FE9CF0 /* Foundation.framework */; };
		275B358923481D0C00FE9CF0 /* CBLTest.cc in Sources */ = {isa = PBXBuildFile; fileRef = 27B61D6921D6B60D0027CCDB /* CBLTest.cc */; };
		275B358A23481D0C00FE9CF0 /* DatabaseTest.cc in Sources */ = {isa = PBXBuildFile; fileRef = 27B61DB821D6ECA70027CCDB /* DatabaseTest.cc */; };
		275B358B23481D0C00FE9CF0 /* DatabaseTest_Cpp.cc in Sources */ = {isa = PBXBuildFile; fileRef = 277FEE5221E6BCA500B60E3C /* DatabaseTest_Cpp.cc */; };
		275B358C23481D0C00FE9CF0 /* BlobTest_Cpp.cc in Sources */ = {isa = PBXBuildFile; fileRef = 275BC4F32204FB1400DBE7D2 /* BlobTest_Cpp.cc */; };
		275B358D23481D0C00FE9CF0 /* ReplicatorTest.cc in Sources */ = {isa = PBXBuildFile; fileRef = 277CC99422BC23DE00B245CB /* ReplicatorTest.cc */; };
		275B358E23481D0C00FE9CF0 /* CBLTest.c in Sources */ = {isa = PBXBuildFile; fileRef = 27C9B5F221F7EE670040BC45 /* CBLTest.c */; };
		275B3591234BCF7500FE9CF0 /* libCouchbaseLiteC.dylib in Frameworks */ = {isa = PBXBuildFile; fileRef = 27B61D7021D6B64A0027CCDB /* libCouchbaseLiteC.dylib */; };
		275B3592234BD5CD00FE9CF0 /* libfleeceBase.a in Frameworks */ = {isa = PBXBuildFile; fileRef = 27B61DBA21D6FF2D0027CCDB /* libfleeceBase.a */; };
		275B3594234BDB2700FE9CF0 /* CBLTestsMain.cpp in Sources */ = {isa = PBXBuildFile; fileRef = 275B3593234BDB2700FE9CF0 /* CBLTestsMain.cpp */; };
		275B3599234C158900FE9CF0 /* CouchbaseLiteTests.mm in Sources */ = {isa = PBXBuildFile; fileRef = 275B3597234C158400FE9CF0 /* CouchbaseLiteTests.mm */; };
		275B359E234D064600FE9CF0 /* QueryTest.cc in Sources */ = {isa = PBXBuildFile; fileRef = 275B359D234D064600FE9CF0 /* QueryTest.cc */; };
		275B359F234D064600FE9CF0 /* QueryTest.cc in Sources */ = {isa = PBXBuildFile; fileRef = 275B359D234D064600FE9CF0 /* QueryTest.cc */; };
		275B35A1234D0ADC00FE9CF0 /* names_100.json in Resources */ = {isa = PBXBuildFile; fileRef = 275B35A0234D0A9F00FE9CF0 /* names_100.json */; };
		275BC4DE2201323700DBE7D2 /* CBLBlob.cc in Sources */ = {isa = PBXBuildFile; fileRef = 275BC4DD2201323700DBE7D2 /* CBLBlob.cc */; };
		275BC4F42204FB1400DBE7D2 /* BlobTest_Cpp.cc in Sources */ = {isa = PBXBuildFile; fileRef = 275BC4F32204FB1400DBE7D2 /* BlobTest_Cpp.cc */; };
		277B77D3245B44BE00B222D3 /* CBLLog.h in Headers */ = {isa = PBXBuildFile; fileRef = 277B77C6245B44BE00B222D3 /* CBLLog.h */; };
		277B77D5245B44E900B222D3 /* CBLLog.cc in Sources */ = {isa = PBXBuildFile; fileRef = 277B77D4245B44E900B222D3 /* CBLLog.cc */; };
		277CC99522BC23DE00B245CB /* ReplicatorTest.cc in Sources */ = {isa = PBXBuildFile; fileRef = 277CC99422BC23DE00B245CB /* ReplicatorTest.cc */; };
		277CC9AB22BC3DF700B245CB /* libLiteCoreWebSocket.a in Frameworks */ = {isa = PBXBuildFile; fileRef = 277CC9A622BC23DF00B245CB /* libLiteCoreWebSocket.a */; };
		277CC9C022BC4E2E00B245CB /* Security.framework in Frameworks */ = {isa = PBXBuildFile; fileRef = 277CC9B122BC4E2E00B245CB /* Security.framework */; };
		277FEE5321E6BCA500B60E3C /* DatabaseTest_Cpp.cc in Sources */ = {isa = PBXBuildFile; fileRef = 277FEE5221E6BCA500B60E3C /* DatabaseTest_Cpp.cc */; };
		277FEE7521ED3C4900B60E3C /* CBLReplicator.cc in Sources */ = {isa = PBXBuildFile; fileRef = 277FEE7421ED3C4900B60E3C /* CBLReplicator.cc */; };
		277FEE7821ED62AA00B60E3C /* CBLReplicatorConfig.hh in Headers */ = {isa = PBXBuildFile; fileRef = 277FEE7621ED62AA00B60E3C /* CBLReplicatorConfig.hh */; };
		27886C8D21F64C1400069BEA /* Listener.hh in Headers */ = {isa = PBXBuildFile; fileRef = 27886C8B21F64C1400069BEA /* Listener.hh */; };
		27886C8E21F64C1400069BEA /* Listener.cc in Sources */ = {isa = PBXBuildFile; fileRef = 27886C8C21F64C1400069BEA /* Listener.cc */; };
		27984E212249A189000FE777 /* dylib_main.cc in Sources */ = {isa = PBXBuildFile; fileRef = 27B61D7E21D6B6900027CCDB /* dylib_main.cc */; };
		27984E262249A1BE000FE777 /* libCouchbaseLiteC-static.a in Frameworks */ = {isa = PBXBuildFile; fileRef = 271C2A2321CAC8920045856E /* libCouchbaseLiteC-static.a */; };
		27984E272249A1E8000FE777 /* libLiteCore-static.a in Frameworks */ = {isa = PBXBuildFile; fileRef = 271C2A4F21CAD5950045856E /* libLiteCore-static.a */; };
		27984E282249A1EE000FE777 /* libz.tbd in Frameworks */ = {isa = PBXBuildFile; fileRef = 27B61D8121D6B8230027CCDB /* libz.tbd */; };
		27984E292249A240000FE777 /* CouchbaseLite.h in Headers */ = {isa = PBXBuildFile; fileRef = 27B61DA321D6E40D0027CCDB /* CouchbaseLite.h */; settings = {ATTRIBUTES = (Public, ); }; };
		27984E2A2249A240000FE777 /* CBLBase.h in Headers */ = {isa = PBXBuildFile; fileRef = 271C2A2D21CAC98F0045856E /* CBLBase.h */; settings = {ATTRIBUTES = (Public, ); }; };
		27984E2B2249A240000FE777 /* CBLBlob.h in Headers */ = {isa = PBXBuildFile; fileRef = 275BC4CC22012D8700DBE7D2 /* CBLBlob.h */; settings = {ATTRIBUTES = (Public, ); }; };
		27984E2C2249A240000FE777 /* CBLDatabase.h in Headers */ = {isa = PBXBuildFile; fileRef = 271C2A2F21CAC98F0045856E /* CBLDatabase.h */; settings = {ATTRIBUTES = (Public, ); }; };
		27984E2D2249A240000FE777 /* CBLDocument.h in Headers */ = {isa = PBXBuildFile; fileRef = 271C2A2E21CAC98F0045856E /* CBLDocument.h */; settings = {ATTRIBUTES = (Public, ); }; };
		27984E2E2249A240000FE777 /* CBLQuery.h in Headers */ = {isa = PBXBuildFile; fileRef = 271C2A3021CAC98F0045856E /* CBLQuery.h */; settings = {ATTRIBUTES = (Public, ); }; };
		27984E2F2249A240000FE777 /* CBLReplicator.h in Headers */ = {isa = PBXBuildFile; fileRef = 271C2A2C21CAC98F0045856E /* CBLReplicator.h */; settings = {ATTRIBUTES = (Public, ); }; };
		27984E302249A240000FE777 /* CBL_Compat.h in Headers */ = {isa = PBXBuildFile; fileRef = 271C2A7021CAD6440045856E /* CBL_Compat.h */; settings = {ATTRIBUTES = (Public, ); }; };
		27984E312249A247000FE777 /* CouchbaseLite.hh in Headers */ = {isa = PBXBuildFile; fileRef = 277FEE5021E6BC2100B60E3C /* CouchbaseLite.hh */; settings = {ATTRIBUTES = (Public, ); }; };
		27984E322249A247000FE777 /* Base.hh in Headers */ = {isa = PBXBuildFile; fileRef = 277FEE3D21DEF0C700B60E3C /* Base.hh */; settings = {ATTRIBUTES = (Public, ); }; };
		27984E332249A247000FE777 /* Blob.hh in Headers */ = {isa = PBXBuildFile; fileRef = 275BC4E22204E6A800DBE7D2 /* Blob.hh */; settings = {ATTRIBUTES = (Public, ); }; };
		27984E342249A247000FE777 /* Database.hh in Headers */ = {isa = PBXBuildFile; fileRef = 27B61DD821DEEC540027CCDB /* Database.hh */; settings = {ATTRIBUTES = (Public, ); }; };
		27984E352249A247000FE777 /* Document.hh in Headers */ = {isa = PBXBuildFile; fileRef = 277FEE4E21DEF54D00B60E3C /* Document.hh */; settings = {ATTRIBUTES = (Public, ); }; };
		27984E362249A247000FE777 /* Query.hh in Headers */ = {isa = PBXBuildFile; fileRef = 277FEE4F21E6AB1100B60E3C /* Query.hh */; settings = {ATTRIBUTES = (Public, ); }; };
		27984E372249A247000FE777 /* Replicator.hh in Headers */ = {isa = PBXBuildFile; fileRef = 27C9B5F121F7D74A0040BC45 /* Replicator.hh */; settings = {ATTRIBUTES = (Public, ); }; };
		27984E402249A85E000FE777 /* CouchbaseLite_Umbrella.hh in Headers */ = {isa = PBXBuildFile; fileRef = 27984E3F2249A85E000FE777 /* CouchbaseLite_Umbrella.hh */; settings = {ATTRIBUTES = (Public, ); }; };
		27B61D5621D5ABA60027CCDB /* CBLQuery.cc in Sources */ = {isa = PBXBuildFile; fileRef = 27B61D5521D5ABA60027CCDB /* CBLQuery.cc */; };
		27B61D6A21D6B60D0027CCDB /* CBLTest.hh in Headers */ = {isa = PBXBuildFile; fileRef = 27B61D6821D6B60D0027CCDB /* CBLTest.hh */; };
		27B61D7D21D6B66F0027CCDB /* libCouchbaseLiteC-static.a in Frameworks */ = {isa = PBXBuildFile; fileRef = 271C2A2321CAC8920045856E /* libCouchbaseLiteC-static.a */; };
		27B61D7F21D6B6900027CCDB /* dylib_main.cc in Sources */ = {isa = PBXBuildFile; fileRef = 27B61D7E21D6B6900027CCDB /* dylib_main.cc */; };
		27B61D8221D6B8230027CCDB /* libz.tbd in Frameworks */ = {isa = PBXBuildFile; fileRef = 27B61D8121D6B8230027CCDB /* libz.tbd */; };
		27B61DAF21D6E4B70027CCDB /* CBLTest.cc in Sources */ = {isa = PBXBuildFile; fileRef = 27B61D6921D6B60D0027CCDB /* CBLTest.cc */; };
		27B61DB521D6EBDD0027CCDB /* libCouchbaseLiteC.dylib in Frameworks */ = {isa = PBXBuildFile; fileRef = 27B61D7021D6B64A0027CCDB /* libCouchbaseLiteC.dylib */; };
		27B61DB921D6ECA70027CCDB /* DatabaseTest.cc in Sources */ = {isa = PBXBuildFile; fileRef = 27B61DB821D6ECA70027CCDB /* DatabaseTest.cc */; };
		27B61DBB21D6FF2D0027CCDB /* libfleeceBase.a in Frameworks */ = {isa = PBXBuildFile; fileRef = 27B61DBA21D6FF2D0027CCDB /* libfleeceBase.a */; };
		27B61DBC21D7075C0027CCDB /* libLiteCore-static.a in Frameworks */ = {isa = PBXBuildFile; fileRef = 271C2A4F21CAD5950045856E /* libLiteCore-static.a */; };
		27C9B5F321F7EE670040BC45 /* CBLTest.c in Sources */ = {isa = PBXBuildFile; fileRef = 27C9B5F221F7EE670040BC45 /* CBLTest.c */; };
		27D11BEF2351043B00C58A70 /* ConflictResolver.hh in Headers */ = {isa = PBXBuildFile; fileRef = 27D11BED2351043B00C58A70 /* ConflictResolver.hh */; };
		27D11BF02351043B00C58A70 /* ConflictResolver.cc in Sources */ = {isa = PBXBuildFile; fileRef = 27D11BEE2351043B00C58A70 /* ConflictResolver.cc */; };
		27D30F9F23A2D30500392107 /* PerfTest.cc in Sources */ = {isa = PBXBuildFile; fileRef = 27D30F9123A2D30500392107 /* PerfTest.cc */; };
		6938072F22DE966B00727053 /* libLiteCoreWebSocket.a in Frameworks */ = {isa = PBXBuildFile; fileRef = 277CC9A622BC23DF00B245CB /* libLiteCoreWebSocket.a */; };
		6938073022DE96C200727053 /* Security.framework in Frameworks */ = {isa = PBXBuildFile; fileRef = 277CC9B122BC4E2E00B245CB /* Security.framework */; };
/* End PBXBuildFile section */

/* Begin PBXContainerItemProxy section */
		271A989F243C0852008C032D /* PBXContainerItemProxy */ = {
			isa = PBXContainerItemProxy;
			containerPortal = 271C2A3821CAD5950045856E /* LiteCore.xcodeproj */;
			proxyType = 1;
			remoteGlobalIDString = 2771A097228624C000B18E0A;
			remoteInfo = LiteCoreWebSocket;
		};
		271A98A1243C0858008C032D /* PBXContainerItemProxy */ = {
			isa = PBXContainerItemProxy;
			containerPortal = 271C2A3821CAD5950045856E /* LiteCore.xcodeproj */;
			proxyType = 1;
			remoteGlobalIDString = 27FC81E71EAAB0D90028E38E;
			remoteInfo = "LiteCoreREST static";
		};
		271A98A4243C0894008C032D /* PBXContainerItemProxy */ = {
			isa = PBXContainerItemProxy;
			containerPortal = 271C2A3821CAD5950045856E /* LiteCore.xcodeproj */;
			proxyType = 1;
			remoteGlobalIDString = 27FC81E71EAAB0D90028E38E;
			remoteInfo = "LiteCoreREST static";
		};
		271C2A4E21CAD5950045856E /* PBXContainerItemProxy */ = {
			isa = PBXContainerItemProxy;
			containerPortal = 271C2A3821CAD5950045856E /* LiteCore.xcodeproj */;
			proxyType = 2;
			remoteGlobalIDString = 27EF81121917EEC600A327B9;
			remoteInfo = "LiteCore static";
		};
		271C2A5021CAD5950045856E /* PBXContainerItemProxy */ = {
			isa = PBXContainerItemProxy;
			containerPortal = 271C2A3821CAD5950045856E /* LiteCore.xcodeproj */;
			proxyType = 2;
			remoteGlobalIDString = 720EA3F51BA7EAD9002B8416;
			remoteInfo = "LiteCore dylib";
		};
		271C2A5221CAD5950045856E /* PBXContainerItemProxy */ = {
			isa = PBXContainerItemProxy;
			containerPortal = 271C2A3821CAD5950045856E /* LiteCore.xcodeproj */;
			proxyType = 2;
			remoteGlobalIDString = 27B64934206971FB00FC12F7;
			remoteInfo = "LiteCore framework";
		};
		271C2A5421CAD5950045856E /* PBXContainerItemProxy */ = {
			isa = PBXContainerItemProxy;
			containerPortal = 271C2A3821CAD5950045856E /* LiteCore.xcodeproj */;
			proxyType = 2;
			remoteGlobalIDString = 27FC81E81EAAB0D90028E38E;
			remoteInfo = "LiteCoreREST static";
		};
		271C2A5821CAD5950045856E /* PBXContainerItemProxy */ = {
			isa = PBXContainerItemProxy;
			containerPortal = 271C2A3821CAD5950045856E /* LiteCore.xcodeproj */;
			proxyType = 2;
			remoteGlobalIDString = 279691631ED4B29E0086565D;
			remoteInfo = Support;
		};
		271C2A5A21CAD5950045856E /* PBXContainerItemProxy */ = {
			isa = PBXContainerItemProxy;
			containerPortal = 271C2A3821CAD5950045856E /* LiteCore.xcodeproj */;
			proxyType = 2;
			remoteGlobalIDString = 2708FE521CF4CC880022F721;
			remoteInfo = LiteCoreCppTests;
		};
		271C2A5C21CAD5950045856E /* PBXContainerItemProxy */ = {
			isa = PBXContainerItemProxy;
			containerPortal = 271C2A3821CAD5950045856E /* LiteCore.xcodeproj */;
			proxyType = 2;
			remoteGlobalIDString = 274D04081BA75E1C00FF7C35;
			remoteInfo = C4Tests;
		};
		271C2A6021CAD5950045856E /* PBXContainerItemProxy */ = {
			isa = PBXContainerItemProxy;
			containerPortal = 271C2A3821CAD5950045856E /* LiteCore.xcodeproj */;
			proxyType = 2;
			remoteGlobalIDString = 27DF7D631F4236500022F3DF;
			remoteInfo = SQLite;
		};
		271C2A6221CAD5950045856E /* PBXContainerItemProxy */ = {
			isa = PBXContainerItemProxy;
			containerPortal = 271C2A3821CAD5950045856E /* LiteCore.xcodeproj */;
			proxyType = 2;
			remoteGlobalIDString = 27EF807419142C2500A327B9;
			remoteInfo = Tokenizer;
		};
		271C2A6621CAD5950045856E /* PBXContainerItemProxy */ = {
			isa = PBXContainerItemProxy;
			containerPortal = 271C2A3821CAD5950045856E /* LiteCore.xcodeproj */;
			proxyType = 2;
			remoteGlobalIDString = 27139B3018F8E9750021A9A3;
			remoteInfo = "LiteCore XCTests";
		};
		271C2A6821CAD5950045856E /* PBXContainerItemProxy */ = {
			isa = PBXContainerItemProxy;
			containerPortal = 271C2A3821CAD5950045856E /* LiteCore.xcodeproj */;
			proxyType = 2;
			remoteGlobalIDString = 27A924941D9B316D00086206;
			remoteInfo = "LiteCore-iOS";
		};
		271C2A6C21CAD5950045856E /* PBXContainerItemProxy */ = {
			isa = PBXContainerItemProxy;
			containerPortal = 271C2A3821CAD5950045856E /* LiteCore.xcodeproj */;
			proxyType = 2;
			remoteGlobalIDString = 27A924AC1D9B316D00086206;
			remoteInfo = "LiteCore-iOS Tests";
		};
		271C2A7A21CC86E10045856E /* PBXContainerItemProxy */ = {
			isa = PBXContainerItemProxy;
			containerPortal = 271C2A3821CAD5950045856E /* LiteCore.xcodeproj */;
			proxyType = 1;
			remoteGlobalIDString = 27EF80F91917EEC600A327B9;
			remoteInfo = "LiteCore static";
		};
		272F012E2279038600E62F72 /* PBXContainerItemProxy */ = {
			isa = PBXContainerItemProxy;
			containerPortal = 271C2A1B21CAC8920045856E /* Project object */;
			proxyType = 1;
			remoteGlobalIDString = 271C2A2221CAC8920045856E;
			remoteInfo = CBL_C;
		};
		275B358F234BCF6900FE9CF0 /* PBXContainerItemProxy */ = {
			isa = PBXContainerItemProxy;
			containerPortal = 271C2A1B21CAC8920045856E /* Project object */;
			proxyType = 1;
			remoteGlobalIDString = 27B61D6F21D6B64A0027CCDB;
			remoteInfo = "CBL_C Dylib";
		};
		2779ED5522E2881B0026ACD0 /* PBXContainerItemProxy */ = {
			isa = PBXContainerItemProxy;
			containerPortal = 271C2A1B21CAC8920045856E /* Project object */;
			proxyType = 1;
			remoteGlobalIDString = 27B61D6F21D6B64A0027CCDB;
			remoteInfo = "CBL_C Dylib";
		};
		277CC9A522BC23DF00B245CB /* PBXContainerItemProxy */ = {
			isa = PBXContainerItemProxy;
			containerPortal = 271C2A3821CAD5950045856E /* LiteCore.xcodeproj */;
			proxyType = 2;
			remoteGlobalIDString = 2771A098228624C000B18E0A;
			remoteInfo = LiteCoreWebSocket;
		};
		277CC9AC22BC3E2800B245CB /* PBXContainerItemProxy */ = {
			isa = PBXContainerItemProxy;
			containerPortal = 271C2A3821CAD5950045856E /* LiteCore.xcodeproj */;
			proxyType = 1;
			remoteGlobalIDString = 2771A097228624C000B18E0A;
			remoteInfo = LiteCoreWebSocket;
		};
		27984E222249A1A0000FE777 /* PBXContainerItemProxy */ = {
			isa = PBXContainerItemProxy;
			containerPortal = 271C2A1B21CAC8920045856E /* Project object */;
			proxyType = 1;
			remoteGlobalIDString = 271C2A2221CAC8920045856E;
			remoteInfo = CBL_C;
		};
		27984E242249A1A6000FE777 /* PBXContainerItemProxy */ = {
			isa = PBXContainerItemProxy;
			containerPortal = 271C2A3821CAD5950045856E /* LiteCore.xcodeproj */;
			proxyType = 1;
			remoteGlobalIDString = 27EF80F91917EEC600A327B9;
			remoteInfo = "LiteCore static";
		};
		27B61D7B21D6B6680027CCDB /* PBXContainerItemProxy */ = {
			isa = PBXContainerItemProxy;
			containerPortal = 271C2A1B21CAC8920045856E /* Project object */;
			proxyType = 1;
			remoteGlobalIDString = 271C2A2221CAC8920045856E;
			remoteInfo = CBL_C;
		};
		27B61DB621D6EBE00027CCDB /* PBXContainerItemProxy */ = {
			isa = PBXContainerItemProxy;
			containerPortal = 271C2A1B21CAC8920045856E /* Project object */;
			proxyType = 1;
			remoteGlobalIDString = 27B61D6F21D6B64A0027CCDB;
			remoteInfo = "CBL_C Dylib";
		};
		27B61DBD21D707910027CCDB /* PBXContainerItemProxy */ = {
			isa = PBXContainerItemProxy;
			containerPortal = 271C2A3821CAD5950045856E /* LiteCore.xcodeproj */;
			proxyType = 1;
			remoteGlobalIDString = 27EF80F91917EEC600A327B9;
			remoteInfo = "LiteCore static";
		};
/* End PBXContainerItemProxy section */

/* Begin PBXCopyFilesBuildPhase section */
		27B61DA621D6E49D0027CCDB /* CopyFiles */ = {
			isa = PBXCopyFilesBuildPhase;
			buildActionMask = 2147483647;
			dstPath = /usr/share/man/man1/;
			dstSubfolderSpec = 0;
			files = (
			);
			runOnlyForDeploymentPostprocessing = 1;
		};
/* End PBXCopyFilesBuildPhase section */

/* Begin PBXFileReference section */
		271A988E243BF278008C032D /* CBLURLEndpointListener.h */ = {isa = PBXFileReference; lastKnownFileType = sourcecode.c.h; path = CBLURLEndpointListener.h; sourceTree = "<group>"; };
		271A989C243BFCDA008C032D /* CBLCertificate.h */ = {isa = PBXFileReference; lastKnownFileType = sourcecode.c.h; path = CBLCertificate.h; sourceTree = "<group>"; };
		271A989D243BFDBF008C032D /* CBLURLEndpointListener.cc */ = {isa = PBXFileReference; lastKnownFileType = sourcecode.cpp.cpp; path = CBLURLEndpointListener.cc; sourceTree = "<group>"; };
		271A98AF243FDF55008C032D /* SystemConfiguration.framework */ = {isa = PBXFileReference; lastKnownFileType = wrapper.framework; name = SystemConfiguration.framework; path = System/Library/Frameworks/SystemConfiguration.framework; sourceTree = SDKROOT; };
		271C2A2321CAC8920045856E /* libCouchbaseLiteC-static.a */ = {isa = PBXFileReference; explicitFileType = archive.ar; includeInIndex = 0; path = "libCouchbaseLiteC-static.a"; sourceTree = BUILT_PRODUCTS_DIR; };
		271C2A2C21CAC98F0045856E /* CBLReplicator.h */ = {isa = PBXFileReference; fileEncoding = 4; lastKnownFileType = sourcecode.c.h; path = CBLReplicator.h; sourceTree = "<group>"; };
		271C2A2D21CAC98F0045856E /* CBLBase.h */ = {isa = PBXFileReference; fileEncoding = 4; lastKnownFileType = sourcecode.c.h; path = CBLBase.h; sourceTree = "<group>"; };
		271C2A2E21CAC98F0045856E /* CBLDocument.h */ = {isa = PBXFileReference; fileEncoding = 4; lastKnownFileType = sourcecode.c.h; path = CBLDocument.h; sourceTree = "<group>"; };
		271C2A2F21CAC98F0045856E /* CBLDatabase.h */ = {isa = PBXFileReference; fileEncoding = 4; lastKnownFileType = sourcecode.c.h; path = CBLDatabase.h; sourceTree = "<group>"; };
		271C2A3021CAC98F0045856E /* CBLQuery.h */ = {isa = PBXFileReference; fileEncoding = 4; lastKnownFileType = sourcecode.c.h; path = CBLQuery.h; sourceTree = "<group>"; };
		271C2A3821CAD5950045856E /* LiteCore.xcodeproj */ = {isa = PBXFileReference; lastKnownFileType = "wrapper.pb-project"; name = LiteCore.xcodeproj; path = "couchbase-lite-core/Xcode/LiteCore.xcodeproj"; sourceTree = "<group>"; };
		271C2A6E21CAD5B30045856E /* CBLBase.cc */ = {isa = PBXFileReference; lastKnownFileType = sourcecode.cpp.cpp; path = CBLBase.cc; sourceTree = "<group>"; };
		271C2A7021CAD6440045856E /* CBL_Compat.h */ = {isa = PBXFileReference; lastKnownFileType = sourcecode.c.h; path = CBL_Compat.h; sourceTree = "<group>"; };
		271C2A7121CADB170045856E /* CBLDatabase.cc */ = {isa = PBXFileReference; lastKnownFileType = sourcecode.cpp.cpp; path = CBLDatabase.cc; sourceTree = "<group>"; };
		271C2A7321CC4BD60045856E /* Util.hh */ = {isa = PBXFileReference; lastKnownFileType = sourcecode.cpp.h; path = Util.hh; sourceTree = "<group>"; };
		271C2A7421CC4BD60045856E /* Util.cc */ = {isa = PBXFileReference; lastKnownFileType = sourcecode.cpp.cpp; path = Util.cc; sourceTree = "<group>"; };
		271C2A7721CC750E0045856E /* CBLDocument.cc */ = {isa = PBXFileReference; lastKnownFileType = sourcecode.cpp.cpp; path = CBLDocument.cc; sourceTree = "<group>"; };
		271C2A7921CC756A0045856E /* Internal.hh */ = {isa = PBXFileReference; lastKnownFileType = sourcecode.cpp.h; path = Internal.hh; sourceTree = "<group>"; };
		27310FD7235F686D0046F8C8 /* CBL_Framework_Debug.xcconfig */ = {isa = PBXFileReference; lastKnownFileType = text.xcconfig; path = CBL_Framework_Debug.xcconfig; sourceTree = "<group>"; };
		2736A625242E5A07002B9D65 /* ReplicatorTest.hh */ = {isa = PBXFileReference; lastKnownFileType = sourcecode.cpp.h; path = ReplicatorTest.hh; sourceTree = "<group>"; };
		2736A633242E5A74002B9D65 /* ReplicatorEETest.cc */ = {isa = PBXFileReference; lastKnownFileType = sourcecode.cpp.cpp; path = ReplicatorEETest.cc; sourceTree = "<group>"; };
		273CE7F624534A6100D01CA2 /* platform_apple.cmake */ = {isa = PBXFileReference; lastKnownFileType = text; name = platform_apple.cmake; path = cmake/platform_apple.cmake; sourceTree = "<group>"; };
		275B3567234810C400FE9CF0 /* Foundation.framework */ = {isa = PBXFileReference; lastKnownFileType = wrapper.framework; name = Foundation.framework; path = System/Library/Frameworks/Foundation.framework; sourceTree = SDKROOT; };
		275B357C234812C800FE9CF0 /* CouchbaseLiteTests.xctest */ = {isa = PBXFileReference; explicitFileType = wrapper.cfbundle; includeInIndex = 0; path = CouchbaseLiteTests.xctest; sourceTree = BUILT_PRODUCTS_DIR; };
		275B358823481C5200FE9CF0 /* XCTests.xcconfig */ = {isa = PBXFileReference; lastKnownFileType = text.xcconfig; path = XCTests.xcconfig; sourceTree = "<group>"; };
		275B3593234BDB2700FE9CF0 /* CBLTestsMain.cpp */ = {isa = PBXFileReference; lastKnownFileType = sourcecode.cpp.cpp; path = CBLTestsMain.cpp; sourceTree = "<group>"; };
		275B3597234C158400FE9CF0 /* CouchbaseLiteTests.mm */ = {isa = PBXFileReference; fileEncoding = 4; lastKnownFileType = sourcecode.cpp.objcpp; name = CouchbaseLiteTests.mm; path = test/CouchbaseLiteTests.mm; sourceTree = SOURCE_ROOT; };
		275B359D234D064600FE9CF0 /* QueryTest.cc */ = {isa = PBXFileReference; lastKnownFileType = sourcecode.cpp.cpp; path = QueryTest.cc; sourceTree = "<group>"; };
		275B35A0234D0A9F00FE9CF0 /* names_100.json */ = {isa = PBXFileReference; lastKnownFileType = text.json; path = names_100.json; sourceTree = "<group>"; };
		275BC4CC22012D8700DBE7D2 /* CBLBlob.h */ = {isa = PBXFileReference; lastKnownFileType = sourcecode.c.h; path = CBLBlob.h; sourceTree = "<group>"; };
		275BC4DD2201323700DBE7D2 /* CBLBlob.cc */ = {isa = PBXFileReference; lastKnownFileType = sourcecode.cpp.cpp; path = CBLBlob.cc; sourceTree = "<group>"; };
		275BC4E22204E6A800DBE7D2 /* Blob.hh */ = {isa = PBXFileReference; lastKnownFileType = sourcecode.cpp.h; path = Blob.hh; sourceTree = "<group>"; };
		275BC4F32204FB1400DBE7D2 /* BlobTest_Cpp.cc */ = {isa = PBXFileReference; lastKnownFileType = sourcecode.cpp.cpp; path = BlobTest_Cpp.cc; sourceTree = "<group>"; };
		275BC4F52209080E00DBE7D2 /* CBLBlob_Internal.hh */ = {isa = PBXFileReference; lastKnownFileType = sourcecode.cpp.h; path = CBLBlob_Internal.hh; sourceTree = "<group>"; };
		275FA3342236E54D001C392D /* CBLPrivate.h */ = {isa = PBXFileReference; lastKnownFileType = sourcecode.c.h; path = CBLPrivate.h; sourceTree = "<group>"; };
		2779ED2722DE83A60026ACD0 /* Blob.py */ = {isa = PBXFileReference; lastKnownFileType = text.script.python; path = Blob.py; sourceTree = "<group>"; };
		2779ED3622DE83A60026ACD0 /* Collections.py */ = {isa = PBXFileReference; lastKnownFileType = text.script.python; path = Collections.py; sourceTree = "<group>"; };
		2779ED5022E2493F0026ACD0 /* build_python.sh */ = {isa = PBXFileReference; lastKnownFileType = text.script.sh; name = build_python.sh; path = Xcode/build_python.sh; sourceTree = SOURCE_ROOT; };
		277B77C6245B44BE00B222D3 /* CBLLog.h */ = {isa = PBXFileReference; fileEncoding = 4; lastKnownFileType = sourcecode.c.h; path = CBLLog.h; sourceTree = "<group>"; };
		277B77D4245B44E900B222D3 /* CBLLog.cc */ = {isa = PBXFileReference; fileEncoding = 4; lastKnownFileType = sourcecode.cpp.cpp; path = CBLLog.cc; sourceTree = "<group>"; };
		277CC99422BC23DE00B245CB /* ReplicatorTest.cc */ = {isa = PBXFileReference; lastKnownFileType = sourcecode.cpp.cpp; path = ReplicatorTest.cc; sourceTree = "<group>"; };
		277CC9B122BC4E2E00B245CB /* Security.framework */ = {isa = PBXFileReference; lastKnownFileType = wrapper.framework; name = Security.framework; path = System/Library/Frameworks/Security.framework; sourceTree = SDKROOT; };
		277FEE3D21DEF0C700B60E3C /* Base.hh */ = {isa = PBXFileReference; lastKnownFileType = sourcecode.cpp.h; path = Base.hh; sourceTree = "<group>"; };
		277FEE4E21DEF54D00B60E3C /* Document.hh */ = {isa = PBXFileReference; lastKnownFileType = sourcecode.cpp.h; path = Document.hh; sourceTree = "<group>"; };
		277FEE4F21E6AB1100B60E3C /* Query.hh */ = {isa = PBXFileReference; lastKnownFileType = sourcecode.cpp.h; path = Query.hh; sourceTree = "<group>"; };
		277FEE5021E6BC2100B60E3C /* CouchbaseLite.hh */ = {isa = PBXFileReference; lastKnownFileType = sourcecode.cpp.h; path = CouchbaseLite.hh; sourceTree = "<group>"; };
		277FEE5221E6BCA500B60E3C /* DatabaseTest_Cpp.cc */ = {isa = PBXFileReference; lastKnownFileType = sourcecode.cpp.cpp; path = DatabaseTest_Cpp.cc; sourceTree = "<group>"; };
		277FEE7421ED3C4900B60E3C /* CBLReplicator.cc */ = {isa = PBXFileReference; lastKnownFileType = sourcecode.cpp.cpp; path = CBLReplicator.cc; sourceTree = "<group>"; };
		277FEE7621ED62AA00B60E3C /* CBLReplicatorConfig.hh */ = {isa = PBXFileReference; lastKnownFileType = sourcecode.cpp.h; path = CBLReplicatorConfig.hh; sourceTree = "<group>"; };
		277FEE7A21ED6C0000B60E3C /* CBLDocument_Internal.hh */ = {isa = PBXFileReference; lastKnownFileType = sourcecode.cpp.h; path = CBLDocument_Internal.hh; sourceTree = "<group>"; };
		27886C8B21F64C1400069BEA /* Listener.hh */ = {isa = PBXFileReference; lastKnownFileType = sourcecode.cpp.h; path = Listener.hh; sourceTree = "<group>"; };
		27886C8C21F64C1400069BEA /* Listener.cc */ = {isa = PBXFileReference; lastKnownFileType = sourcecode.cpp.cpp; path = Listener.cc; sourceTree = "<group>"; };
		27984DF422499ED4000FE777 /* CouchbaseLite.modulemap */ = {isa = PBXFileReference; lastKnownFileType = "sourcecode.module-map"; path = CouchbaseLite.modulemap; sourceTree = "<group>"; };
		27984E0A2249A126000FE777 /* CouchbaseLite.framework */ = {isa = PBXFileReference; explicitFileType = wrapper.framework; includeInIndex = 0; path = CouchbaseLite.framework; sourceTree = BUILT_PRODUCTS_DIR; };
		27984E0D2249A127000FE777 /* Framework-Info.plist */ = {isa = PBXFileReference; lastKnownFileType = text.plist.xml; path = "Framework-Info.plist"; sourceTree = "<group>"; };
		27984E3F2249A85E000FE777 /* CouchbaseLite_Umbrella.hh */ = {isa = PBXFileReference; lastKnownFileType = sourcecode.cpp.h; path = CouchbaseLite_Umbrella.hh; sourceTree = "<group>"; };
		27984E412249ACD2000FE777 /* CBL_Framework.xcconfig */ = {isa = PBXFileReference; lastKnownFileType = text.xcconfig; path = CBL_Framework.xcconfig; sourceTree = "<group>"; };
		27984E482249AF44000FE777 /* CBL_Dylib_Release.xcconfig */ = {isa = PBXFileReference; lastKnownFileType = text.xcconfig; path = CBL_Dylib_Release.xcconfig; sourceTree = "<group>"; };
		27984E492249AF61000FE777 /* CBL_Framework_Release.xcconfig */ = {isa = PBXFileReference; lastKnownFileType = text.xcconfig; path = CBL_Framework_Release.xcconfig; sourceTree = "<group>"; };
		27B61D5521D5ABA60027CCDB /* CBLQuery.cc */ = {isa = PBXFileReference; lastKnownFileType = sourcecode.cpp.cpp; path = CBLQuery.cc; sourceTree = "<group>"; };
		27B61D6821D6B60D0027CCDB /* CBLTest.hh */ = {isa = PBXFileReference; lastKnownFileType = sourcecode.cpp.h; path = CBLTest.hh; sourceTree = "<group>"; };
		27B61D6921D6B60D0027CCDB /* CBLTest.cc */ = {isa = PBXFileReference; lastKnownFileType = sourcecode.cpp.cpp; path = CBLTest.cc; sourceTree = "<group>"; };
		27B61D7021D6B64A0027CCDB /* libCouchbaseLiteC.dylib */ = {isa = PBXFileReference; explicitFileType = "compiled.mach-o.dylib"; includeInIndex = 0; path = libCouchbaseLiteC.dylib; sourceTree = BUILT_PRODUCTS_DIR; };
		27B61D7E21D6B6900027CCDB /* dylib_main.cc */ = {isa = PBXFileReference; lastKnownFileType = sourcecode.cpp.cpp; path = dylib_main.cc; sourceTree = "<group>"; };
		27B61D8021D6B7400027CCDB /* CBL.exp */ = {isa = PBXFileReference; lastKnownFileType = sourcecode.exports; path = CBL.exp; sourceTree = "<group>"; };
		27B61D8121D6B8230027CCDB /* libz.tbd */ = {isa = PBXFileReference; lastKnownFileType = "sourcecode.text-based-dylib-definition"; name = libz.tbd; path = usr/lib/libz.tbd; sourceTree = SDKROOT; };
		27B61D8521D6BA2A0027CCDB /* Project.xcconfig */ = {isa = PBXFileReference; lastKnownFileType = text.xcconfig; path = Project.xcconfig; sourceTree = "<group>"; };
		27B61D8621D6BAB10027CCDB /* CBL_static.xcconfig */ = {isa = PBXFileReference; lastKnownFileType = text.xcconfig; path = CBL_static.xcconfig; sourceTree = "<group>"; };
		27B61D8721D6BAB10027CCDB /* Project_Release.xcconfig */ = {isa = PBXFileReference; lastKnownFileType = text.xcconfig; path = Project_Release.xcconfig; sourceTree = "<group>"; };
		27B61D8821D6BAB10027CCDB /* CBL_dylib.xcconfig */ = {isa = PBXFileReference; lastKnownFileType = text.xcconfig; path = CBL_dylib.xcconfig; sourceTree = "<group>"; };
		27B61D8921D6BAB10027CCDB /* Project_Debug.xcconfig */ = {isa = PBXFileReference; lastKnownFileType = text.xcconfig; path = Project_Debug.xcconfig; sourceTree = "<group>"; };
		27B61DA321D6E40D0027CCDB /* CouchbaseLite.h */ = {isa = PBXFileReference; lastKnownFileType = sourcecode.c.h; path = CouchbaseLite.h; sourceTree = "<group>"; };
		27B61DA821D6E49D0027CCDB /* CBL_Tests */ = {isa = PBXFileReference; explicitFileType = "compiled.mach-o.executable"; includeInIndex = 0; path = CBL_Tests; sourceTree = BUILT_PRODUCTS_DIR; };
		27B61DB021D6E53D0027CCDB /* Tests.xcconfig */ = {isa = PBXFileReference; lastKnownFileType = text.xcconfig; path = Tests.xcconfig; sourceTree = "<group>"; };
		27B61DB821D6ECA70027CCDB /* DatabaseTest.cc */ = {isa = PBXFileReference; lastKnownFileType = sourcecode.cpp.cpp; path = DatabaseTest.cc; sourceTree = "<group>"; };
		27B61DBA21D6FF2D0027CCDB /* libfleeceBase.a */ = {isa = PBXFileReference; explicitFileType = archive.ar; path = libfleeceBase.a; sourceTree = BUILT_PRODUCTS_DIR; };
		27B61DBF21DD33930027CCDB /* Doxyfile */ = {isa = PBXFileReference; lastKnownFileType = text; path = Doxyfile; sourceTree = "<group>"; };
		27B61DC321DEE1C20027CCDB /* CMakeLists.txt */ = {isa = PBXFileReference; lastKnownFileType = text; path = CMakeLists.txt; sourceTree = "<group>"; };
		27B61DD421DEE5DC0027CCDB /* CMakeLists.txt */ = {isa = PBXFileReference; lastKnownFileType = text; path = CMakeLists.txt; sourceTree = "<group>"; };
		27B61DD821DEEC540027CCDB /* Database.hh */ = {isa = PBXFileReference; lastKnownFileType = sourcecode.cpp.h; path = Database.hh; sourceTree = "<group>"; };
		27C9B5BA21F12C970040BC45 /* test.py */ = {isa = PBXFileReference; lastKnownFileType = text.script.python; path = test.py; sourceTree = "<group>"; };
		27C9B5BF21F12C970040BC45 /* BuildPyCBL.py */ = {isa = PBXFileReference; lastKnownFileType = text.script.python; name = BuildPyCBL.py; path = ../BuildPyCBL.py; sourceTree = "<group>"; };
		27C9B5C021F12C970040BC45 /* Database.py */ = {isa = PBXFileReference; lastKnownFileType = text.script.python; path = Database.py; sourceTree = "<group>"; };
		27C9B5C321F12C970040BC45 /* common.py */ = {isa = PBXFileReference; lastKnownFileType = text.script.python; path = common.py; sourceTree = "<group>"; };
		27C9B5C421F12C970040BC45 /* Document.py */ = {isa = PBXFileReference; lastKnownFileType = text.script.python; path = Document.py; sourceTree = "<group>"; };
		27C9B5DB21F296C10040BC45 /* README.md */ = {isa = PBXFileReference; fileEncoding = 4; lastKnownFileType = net.daringfireball.markdown; path = README.md; sourceTree = "<group>"; };
		27C9B5DC21F29D500040BC45 /* Query.py */ = {isa = PBXFileReference; fileEncoding = 4; lastKnownFileType = text.script.python; path = Query.py; sourceTree = "<group>"; };
		27C9B5E021F655110040BC45 /* CBLDatabase_Internal.hh */ = {isa = PBXFileReference; lastKnownFileType = sourcecode.cpp.h; path = CBLDatabase_Internal.hh; sourceTree = "<group>"; };
		27C9B5F121F7D74A0040BC45 /* Replicator.hh */ = {isa = PBXFileReference; lastKnownFileType = sourcecode.cpp.h; path = Replicator.hh; sourceTree = "<group>"; };
		27C9B5F221F7EE670040BC45 /* CBLTest.c */ = {isa = PBXFileReference; lastKnownFileType = sourcecode.c.c; path = CBLTest.c; sourceTree = "<group>"; };
		27D055892358FA40009BB0A1 /* Project_Debug_EE.xcconfig */ = {isa = PBXFileReference; lastKnownFileType = text.xcconfig; path = Project_Debug_EE.xcconfig; sourceTree = "<group>"; };
		27D0558A2358FA67009BB0A1 /* Project_Release_EE.xcconfig */ = {isa = PBXFileReference; lastKnownFileType = text.xcconfig; path = Project_Release_EE.xcconfig; sourceTree = "<group>"; };
		27D11BED2351043B00C58A70 /* ConflictResolver.hh */ = {isa = PBXFileReference; lastKnownFileType = sourcecode.cpp.h; path = ConflictResolver.hh; sourceTree = "<group>"; };
		27D11BEE2351043B00C58A70 /* ConflictResolver.cc */ = {isa = PBXFileReference; lastKnownFileType = sourcecode.cpp.cpp; path = ConflictResolver.cc; sourceTree = "<group>"; };
		27D11BFF235140E300C58A70 /* CBLReplicator_Internal.hh */ = {isa = PBXFileReference; lastKnownFileType = sourcecode.cpp.h; path = CBLReplicator_Internal.hh; sourceTree = "<group>"; };
		27D30F9123A2D30500392107 /* PerfTest.cc */ = {isa = PBXFileReference; fileEncoding = 4; lastKnownFileType = sourcecode.cpp.cpp; path = PerfTest.cc; sourceTree = "<group>"; };
/* End PBXFileReference section */

/* Begin PBXFrameworksBuildPhase section */
		271C2A2121CAC8920045856E /* Frameworks */ = {
			isa = PBXFrameworksBuildPhase;
			buildActionMask = 2147483647;
			files = (
			);
			runOnlyForDeploymentPostprocessing = 0;
		};
		275B3579234812C700FE9CF0 /* Frameworks */ = {
			isa = PBXFrameworksBuildPhase;
			buildActionMask = 2147483647;
			files = (
				275B3591234BCF7500FE9CF0 /* libCouchbaseLiteC.dylib in Frameworks */,
				273CE7E22452123400D01CA2 /* libfleeceBase.a in Frameworks */,
			);
			runOnlyForDeploymentPostprocessing = 0;
		};
		27984E072249A126000FE777 /* Frameworks */ = {
			isa = PBXFrameworksBuildPhase;
			buildActionMask = 2147483647;
			files = (
				6938072F22DE966B00727053 /* libLiteCoreWebSocket.a in Frameworks */,
				27984E272249A1E8000FE777 /* libLiteCore-static.a in Frameworks */,
				27984E262249A1BE000FE777 /* libCouchbaseLiteC-static.a in Frameworks */,
				275B358723481AE700FE9CF0 /* Foundation.framework in Frameworks */,
				6938073022DE96C200727053 /* Security.framework in Frameworks */,
				27984E282249A1EE000FE777 /* libz.tbd in Frameworks */,
			);
			runOnlyForDeploymentPostprocessing = 0;
		};
		27B61D6E21D6B64A0027CCDB /* Frameworks */ = {
			isa = PBXFrameworksBuildPhase;
			buildActionMask = 2147483647;
			files = (
				275B3592234BD5CD00FE9CF0 /* libfleeceBase.a in Frameworks */,
				27B61D7D21D6B66F0027CCDB /* libCouchbaseLiteC-static.a in Frameworks */,
				27B61DBC21D7075C0027CCDB /* libLiteCore-static.a in Frameworks */,
				277CC9AB22BC3DF700B245CB /* libLiteCoreWebSocket.a in Frameworks */,
				271A98A3243C0865008C032D /* libLiteCoreREST-static.a in Frameworks */,
				275B3576234810C400FE9CF0 /* Foundation.framework in Frameworks */,
				277CC9C022BC4E2E00B245CB /* Security.framework in Frameworks */,
				271A98B0243FDF56008C032D /* SystemConfiguration.framework in Frameworks */,
				27B61D8221D6B8230027CCDB /* libz.tbd in Frameworks */,
			);
			runOnlyForDeploymentPostprocessing = 0;
		};
		27B61DA521D6E49D0027CCDB /* Frameworks */ = {
			isa = PBXFrameworksBuildPhase;
			buildActionMask = 2147483647;
			files = (
				27B61DBB21D6FF2D0027CCDB /* libfleeceBase.a in Frameworks */,
				27B61DB521D6EBDD0027CCDB /* libCouchbaseLiteC.dylib in Frameworks */,
			);
			runOnlyForDeploymentPostprocessing = 0;
		};
/* End PBXFrameworksBuildPhase section */

/* Begin PBXGroup section */
		271C2A1A21CAC8920045856E = {
			isa = PBXGroup;
			children = (
				27C9B5DB21F296C10040BC45 /* README.md */,
				271C2A2A21CAC93B0045856E /* include */,
				271C2A3621CAC9A50045856E /* src */,
				27B61D6721D6B5DA0027CCDB /* test */,
				27B61DBF21DD33930027CCDB /* Doxyfile */,
				27B61DC321DEE1C20027CCDB /* CMakeLists.txt */,
				273CE7F624534A6100D01CA2 /* platform_apple.cmake */,
				27C9B5B921F12C970040BC45 /* python */,
				27B61D8321D6B9F60027CCDB /* Xcode */,
				271C2A3721CAC9B50045856E /* vendor */,
				271C2A2421CAC8920045856E /* Products */,
				271C2A7C21CC86EB0045856E /* Frameworks */,
			);
			sourceTree = "<group>";
		};
		271C2A2421CAC8920045856E /* Products */ = {
			isa = PBXGroup;
			children = (
				271C2A2321CAC8920045856E /* libCouchbaseLiteC-static.a */,
				27B61D7021D6B64A0027CCDB /* libCouchbaseLiteC.dylib */,
				27B61DA821D6E49D0027CCDB /* CBL_Tests */,
				27984E0A2249A126000FE777 /* CouchbaseLite.framework */,
				275B357C234812C800FE9CF0 /* CouchbaseLiteTests.xctest */,
			);
			name = Products;
			sourceTree = "<group>";
		};
		271C2A2A21CAC93B0045856E /* include */ = {
			isa = PBXGroup;
			children = (
				271C2A2B21CAC93B0045856E /* cbl */,
				277FEE6321ED37D500B60E3C /* cbl++ */,
			);
			path = include;
			sourceTree = "<group>";
		};
		271C2A2B21CAC93B0045856E /* cbl */ = {
			isa = PBXGroup;
			children = (
				27B61DA321D6E40D0027CCDB /* CouchbaseLite.h */,
				271A989C243BFCDA008C032D /* CBLCertificate.h */,
				271C2A2D21CAC98F0045856E /* CBLBase.h */,
				275BC4CC22012D8700DBE7D2 /* CBLBlob.h */,
				271C2A2F21CAC98F0045856E /* CBLDatabase.h */,
				271C2A2E21CAC98F0045856E /* CBLDocument.h */,
				277B77C6245B44BE00B222D3 /* CBLLog.h */,
				271C2A3021CAC98F0045856E /* CBLQuery.h */,
				271C2A2C21CAC98F0045856E /* CBLReplicator.h */,
				271A988E243BF278008C032D /* CBLURLEndpointListener.h */,
				271C2A7021CAD6440045856E /* CBL_Compat.h */,
			);
			path = cbl;
			sourceTree = "<group>";
		};
		271C2A3621CAC9A50045856E /* src */ = {
			isa = PBXGroup;
			children = (
				271C2A6E21CAD5B30045856E /* CBLBase.cc */,
				275BC4DD2201323700DBE7D2 /* CBLBlob.cc */,
				275BC4F52209080E00DBE7D2 /* CBLBlob_Internal.hh */,
				271C2A7121CADB170045856E /* CBLDatabase.cc */,
				27C9B5E021F655110040BC45 /* CBLDatabase_Internal.hh */,
				271C2A7721CC750E0045856E /* CBLDocument.cc */,
				277FEE7A21ED6C0000B60E3C /* CBLDocument_Internal.hh */,
				277B77D4245B44E900B222D3 /* CBLLog.cc */,
				27B61D5521D5ABA60027CCDB /* CBLQuery.cc */,
				277FEE7421ED3C4900B60E3C /* CBLReplicator.cc */,
				27D11BFF235140E300C58A70 /* CBLReplicator_Internal.hh */,
				277FEE7621ED62AA00B60E3C /* CBLReplicatorConfig.hh */,
				271A989D243BFDBF008C032D /* CBLURLEndpointListener.cc */,
				27D11BEE2351043B00C58A70 /* ConflictResolver.cc */,
				27D11BED2351043B00C58A70 /* ConflictResolver.hh */,
				271C2A7921CC756A0045856E /* Internal.hh */,
				27886C8C21F64C1400069BEA /* Listener.cc */,
				27886C8B21F64C1400069BEA /* Listener.hh */,
				271C2A7321CC4BD60045856E /* Util.hh */,
				271C2A7421CC4BD60045856E /* Util.cc */,
				275FA3342236E54D001C392D /* CBLPrivate.h */,
				27B61D7E21D6B6900027CCDB /* dylib_main.cc */,
				27B61D8021D6B7400027CCDB /* CBL.exp */,
			);
			path = src;
			sourceTree = "<group>";
		};
		271C2A3721CAC9B50045856E /* vendor */ = {
			isa = PBXGroup;
			children = (
				271C2A3821CAD5950045856E /* LiteCore.xcodeproj */,
			);
			path = vendor;
			sourceTree = "<group>";
		};
		271C2A3921CAD5950045856E /* Products */ = {
			isa = PBXGroup;
			children = (
				271C2A4F21CAD5950045856E /* libLiteCore-static.a */,
				271C2A5121CAD5950045856E /* libLiteCore.dylib */,
				271C2A5321CAD5950045856E /* LiteCore.framework */,
				271C2A5521CAD5950045856E /* libLiteCoreREST-static.a */,
				277CC9A622BC23DF00B245CB /* libLiteCoreWebSocket.a */,
				271C2A5921CAD5950045856E /* libSupport.a */,
				271C2A5B21CAD5950045856E /* LiteCoreCppTests */,
				271C2A5D21CAD5950045856E /* C4Tests */,
				271C2A6721CAD5950045856E /* LiteCoreTests.xctest */,
				271C2A6121CAD5950045856E /* libSQLite.a */,
				271C2A6321CAD5950045856E /* libTokenizer.a */,
				271C2A6921CAD5950045856E /* LiteCore-iOS.app */,
				271C2A6D21CAD5950045856E /* LiteCore-iOS Tests.xctest */,
			);
			name = Products;
			sourceTree = "<group>";
		};
		271C2A7C21CC86EB0045856E /* Frameworks */ = {
			isa = PBXGroup;
			children = (
				271A98AF243FDF55008C032D /* SystemConfiguration.framework */,
				275B3567234810C400FE9CF0 /* Foundation.framework */,
				277CC9B122BC4E2E00B245CB /* Security.framework */,
				27B61DBA21D6FF2D0027CCDB /* libfleeceBase.a */,
				27B61D8121D6B8230027CCDB /* libz.tbd */,
			);
			name = Frameworks;
			sourceTree = "<group>";
		};
		277FEE6321ED37D500B60E3C /* cbl++ */ = {
			isa = PBXGroup;
			children = (
				277FEE5021E6BC2100B60E3C /* CouchbaseLite.hh */,
				277FEE3D21DEF0C700B60E3C /* Base.hh */,
				275BC4E22204E6A800DBE7D2 /* Blob.hh */,
				27B61DD821DEEC540027CCDB /* Database.hh */,
				277FEE4E21DEF54D00B60E3C /* Document.hh */,
				277FEE4F21E6AB1100B60E3C /* Query.hh */,
				27C9B5F121F7D74A0040BC45 /* Replicator.hh */,
			);
			path = "cbl++";
			sourceTree = "<group>";
		};
		27B61D6721D6B5DA0027CCDB /* test */ = {
			isa = PBXGroup;
			children = (
				27B61D6821D6B60D0027CCDB /* CBLTest.hh */,
				27B61D6921D6B60D0027CCDB /* CBLTest.cc */,
				275B3593234BDB2700FE9CF0 /* CBLTestsMain.cpp */,
				27B61DB821D6ECA70027CCDB /* DatabaseTest.cc */,
				277FEE5221E6BCA500B60E3C /* DatabaseTest_Cpp.cc */,
				275BC4F32204FB1400DBE7D2 /* BlobTest_Cpp.cc */,
				275B359D234D064600FE9CF0 /* QueryTest.cc */,
				2736A625242E5A07002B9D65 /* ReplicatorTest.hh */,
				277CC99422BC23DE00B245CB /* ReplicatorTest.cc */,
				2736A633242E5A74002B9D65 /* ReplicatorEETest.cc */,
				27D30F9123A2D30500392107 /* PerfTest.cc */,
				27C9B5F221F7EE670040BC45 /* CBLTest.c */,
				275B3597234C158400FE9CF0 /* CouchbaseLiteTests.mm */,
				27B61DD421DEE5DC0027CCDB /* CMakeLists.txt */,
				275B35A0234D0A9F00FE9CF0 /* names_100.json */,
			);
			path = test;
			sourceTree = "<group>";
		};
		27B61D8321D6B9F60027CCDB /* Xcode */ = {
			isa = PBXGroup;
			children = (
				27984E3F2249A85E000FE777 /* CouchbaseLite_Umbrella.hh */,
				27984DF422499ED4000FE777 /* CouchbaseLite.modulemap */,
				27984E0D2249A127000FE777 /* Framework-Info.plist */,
				27B61D8421D6BA060027CCDB /* xcconfigs */,
			);
			path = Xcode;
			sourceTree = "<group>";
		};
		27B61D8421D6BA060027CCDB /* xcconfigs */ = {
			isa = PBXGroup;
			children = (
				27B61D8821D6BAB10027CCDB /* CBL_dylib.xcconfig */,
				27984E482249AF44000FE777 /* CBL_Dylib_Release.xcconfig */,
				27984E412249ACD2000FE777 /* CBL_Framework.xcconfig */,
				27310FD7235F686D0046F8C8 /* CBL_Framework_Debug.xcconfig */,
				27984E492249AF61000FE777 /* CBL_Framework_Release.xcconfig */,
				27B61D8621D6BAB10027CCDB /* CBL_static.xcconfig */,
				27B61DB021D6E53D0027CCDB /* Tests.xcconfig */,
				275B358823481C5200FE9CF0 /* XCTests.xcconfig */,
				27B61D8521D6BA2A0027CCDB /* Project.xcconfig */,
				27B61D8921D6BAB10027CCDB /* Project_Debug.xcconfig */,
				27D055892358FA40009BB0A1 /* Project_Debug_EE.xcconfig */,
				27B61D8721D6BAB10027CCDB /* Project_Release.xcconfig */,
				27D0558A2358FA67009BB0A1 /* Project_Release_EE.xcconfig */,
			);
			path = xcconfigs;
			sourceTree = "<group>";
		};
		27C9B5B921F12C970040BC45 /* python */ = {
			isa = PBXGroup;
			children = (
				2779ED5022E2493F0026ACD0 /* build_python.sh */,
				27C9B5BA21F12C970040BC45 /* test.py */,
				27C9B5BB21F12C970040BC45 /* CouchbaseLite */,
			);
			path = python;
			sourceTree = "<group>";
		};
		27C9B5BB21F12C970040BC45 /* CouchbaseLite */ = {
			isa = PBXGroup;
			children = (
				27C9B5BF21F12C970040BC45 /* BuildPyCBL.py */,
				27C9B5C321F12C970040BC45 /* common.py */,
				2779ED2722DE83A60026ACD0 /* Blob.py */,
				2779ED3622DE83A60026ACD0 /* Collections.py */,
				27C9B5C021F12C970040BC45 /* Database.py */,
				27C9B5C421F12C970040BC45 /* Document.py */,
				27C9B5DC21F29D500040BC45 /* Query.py */,
			);
			path = CouchbaseLite;
			sourceTree = "<group>";
		};
/* End PBXGroup section */

/* Begin PBXHeadersBuildPhase section */
		271C2A1F21CAC8920045856E /* Headers */ = {
			isa = PBXHeadersBuildPhase;
			buildActionMask = 2147483647;
			files = (
				277FEE7821ED62AA00B60E3C /* CBLReplicatorConfig.hh in Headers */,
				27D11BEF2351043B00C58A70 /* ConflictResolver.hh in Headers */,
				271C2A3321CAC98F0045856E /* CBLDocument.h in Headers */,
				277B77D3245B44BE00B222D3 /* CBLLog.h in Headers */,
				27B61D6A21D6B60D0027CCDB /* CBLTest.hh in Headers */,
				271C2A3521CAC98F0045856E /* CBLQuery.h in Headers */,
				271C2A3421CAC98F0045856E /* CBLDatabase.h in Headers */,
				271C2A7521CC4BD60045856E /* Util.hh in Headers */,
				271C2A3121CAC98F0045856E /* CBLReplicator.h in Headers */,
				271C2A3221CAC98F0045856E /* CBLBase.h in Headers */,
				27886C8D21F64C1400069BEA /* Listener.hh in Headers */,
			);
			runOnlyForDeploymentPostprocessing = 0;
		};
		27984E052249A126000FE777 /* Headers */ = {
			isa = PBXHeadersBuildPhase;
			buildActionMask = 2147483647;
			files = (
				27984E292249A240000FE777 /* CouchbaseLite.h in Headers */,
				27984E302249A240000FE777 /* CBL_Compat.h in Headers */,
				27984E2A2249A240000FE777 /* CBLBase.h in Headers */,
				27984E2B2249A240000FE777 /* CBLBlob.h in Headers */,
				27984E2D2249A240000FE777 /* CBLDocument.h in Headers */,
				27984E402249A85E000FE777 /* CouchbaseLite_Umbrella.hh in Headers */,
				27984E2C2249A240000FE777 /* CBLDatabase.h in Headers */,
				27984E2E2249A240000FE777 /* CBLQuery.h in Headers */,
				27984E2F2249A240000FE777 /* CBLReplicator.h in Headers */,
				27984E312249A247000FE777 /* CouchbaseLite.hh in Headers */,
				27984E322249A247000FE777 /* Base.hh in Headers */,
				27984E332249A247000FE777 /* Blob.hh in Headers */,
				27984E342249A247000FE777 /* Database.hh in Headers */,
				27984E352249A247000FE777 /* Document.hh in Headers */,
				27984E362249A247000FE777 /* Query.hh in Headers */,
				27984E372249A247000FE777 /* Replicator.hh in Headers */,
			);
			runOnlyForDeploymentPostprocessing = 0;
		};
		27B61D6C21D6B64A0027CCDB /* Headers */ = {
			isa = PBXHeadersBuildPhase;
			buildActionMask = 2147483647;
			files = (
			);
			runOnlyForDeploymentPostprocessing = 0;
		};
/* End PBXHeadersBuildPhase section */

/* Begin PBXLegacyTarget section */
		272F012A2279037600E62F72 /* Doxygen */ = {
			isa = PBXLegacyTarget;
			buildArgumentsString = "";
			buildConfigurationList = 272F012B2279037600E62F72 /* Build configuration list for PBXLegacyTarget "Doxygen" */;
			buildPhases = (
			);
			buildToolPath = /usr/local/bin/doxygen;
			buildWorkingDirectory = "$(SRCROOT)";
			dependencies = (
				272F012F2279038600E62F72 /* PBXTargetDependency */,
			);
			name = Doxygen;
			passBuildSettingsInEnvironment = 1;
			productName = Doxygen;
		};
		2779ED5122E287FB0026ACD0 /* Python */ = {
			isa = PBXLegacyTarget;
			buildArgumentsString = "";
			buildConfigurationList = 2779ED5222E287FB0026ACD0 /* Build configuration list for PBXLegacyTarget "Python" */;
			buildPhases = (
			);
			buildToolPath = Xcode/build_python.sh;
			buildWorkingDirectory = "$(SRCROOT)";
			dependencies = (
				2779ED5622E2881B0026ACD0 /* PBXTargetDependency */,
			);
			name = Python;
			passBuildSettingsInEnvironment = 1;
			productName = Python;
		};
/* End PBXLegacyTarget section */

/* Begin PBXNativeTarget section */
		271C2A2221CAC8920045856E /* CBL_C */ = {
			isa = PBXNativeTarget;
			buildConfigurationList = 271C2A2721CAC8920045856E /* Build configuration list for PBXNativeTarget "CBL_C" */;
			buildPhases = (
				271C2A1F21CAC8920045856E /* Headers */,
				271C2A2021CAC8920045856E /* Sources */,
				271C2A2121CAC8920045856E /* Frameworks */,
			);
			buildRules = (
			);
			dependencies = (
				271A98A2243C0858008C032D /* PBXTargetDependency */,
				271A98A0243C0852008C032D /* PBXTargetDependency */,
				271C2A7B21CC86E10045856E /* PBXTargetDependency */,
			);
			name = CBL_C;
			productName = CBL_C;
			productReference = 271C2A2321CAC8920045856E /* libCouchbaseLiteC-static.a */;
			productType = "com.apple.product-type.library.static";
		};
		275B357B234812C700FE9CF0 /* CouchbaseLiteTests */ = {
			isa = PBXNativeTarget;
			buildConfigurationList = 275B3584234812C800FE9CF0 /* Build configuration list for PBXNativeTarget "CouchbaseLiteTests" */;
			buildPhases = (
				275B3578234812C700FE9CF0 /* Sources */,
				275B3579234812C700FE9CF0 /* Frameworks */,
				275B357A234812C700FE9CF0 /* Resources */,
			);
			buildRules = (
			);
			dependencies = (
				275B3590234BCF6900FE9CF0 /* PBXTargetDependency */,
			);
			name = CouchbaseLiteTests;
			productName = CouchbaseLiteTests;
			productReference = 275B357C234812C800FE9CF0 /* CouchbaseLiteTests.xctest */;
			productType = "com.apple.product-type.bundle.unit-test";
		};
		27984E092249A126000FE777 /* CBL_C Framework */ = {
			isa = PBXNativeTarget;
			buildConfigurationList = 27984E1B2249A127000FE777 /* Build configuration list for PBXNativeTarget "CBL_C Framework" */;
			buildPhases = (
				27984E052249A126000FE777 /* Headers */,
				27984E062249A126000FE777 /* Sources */,
				27984E072249A126000FE777 /* Frameworks */,
				27984E382249A36A000FE777 /* Copy Fleece Headers */,
			);
			buildRules = (
			);
			dependencies = (
				27984E252249A1A6000FE777 /* PBXTargetDependency */,
				27984E232249A1A0000FE777 /* PBXTargetDependency */,
			);
			name = "CBL_C Framework";
			productName = CouchbaseLite_C;
			productReference = 27984E0A2249A126000FE777 /* CouchbaseLite.framework */;
			productType = "com.apple.product-type.framework";
		};
		27B61D6F21D6B64A0027CCDB /* CBL_C Dylib */ = {
			isa = PBXNativeTarget;
			buildConfigurationList = 27B61D7821D6B64A0027CCDB /* Build configuration list for PBXNativeTarget "CBL_C Dylib" */;
			buildPhases = (
				27B61D6C21D6B64A0027CCDB /* Headers */,
				27B61D6D21D6B64A0027CCDB /* Sources */,
				27B61D6E21D6B64A0027CCDB /* Frameworks */,
			);
			buildRules = (
			);
			dependencies = (
				271A98A5243C0894008C032D /* PBXTargetDependency */,
				277CC9AD22BC3E2800B245CB /* PBXTargetDependency */,
				27B61D7C21D6B6680027CCDB /* PBXTargetDependency */,
				27B61DBE21D707910027CCDB /* PBXTargetDependency */,
			);
			name = "CBL_C Dylib";
			productName = "CBL_C Dylib";
			productReference = 27B61D7021D6B64A0027CCDB /* libCouchbaseLiteC.dylib */;
			productType = "com.apple.product-type.library.dynamic";
		};
		27B61DA721D6E49D0027CCDB /* CBL_Tests */ = {
			isa = PBXNativeTarget;
			buildConfigurationList = 27B61DAC21D6E49D0027CCDB /* Build configuration list for PBXNativeTarget "CBL_Tests" */;
			buildPhases = (
				27B61DA421D6E49D0027CCDB /* Sources */,
				27B61DA521D6E49D0027CCDB /* Frameworks */,
				27B61DA621D6E49D0027CCDB /* CopyFiles */,
			);
			buildRules = (
			);
			dependencies = (
				27B61DB721D6EBE00027CCDB /* PBXTargetDependency */,
			);
			name = CBL_Tests;
			productName = CBL_Tests;
			productReference = 27B61DA821D6E49D0027CCDB /* CBL_Tests */;
			productType = "com.apple.product-type.tool";
		};
/* End PBXNativeTarget section */

/* Begin PBXProject section */
		271C2A1B21CAC8920045856E /* Project object */ = {
			isa = PBXProject;
			attributes = {
				LastUpgradeCheck = 1120;
				ORGANIZATIONNAME = Couchbase;
				TargetAttributes = {
					271C2A2221CAC8920045856E = {
						CreatedOnToolsVersion = 10.1;
					};
					272F012A2279037600E62F72 = {
						CreatedOnToolsVersion = 10.2.1;
					};
					275B357B234812C700FE9CF0 = {
						CreatedOnToolsVersion = 11.1;
					};
					2779ED5122E287FB0026ACD0 = {
						CreatedOnToolsVersion = 11.0;
					};
					27984E092249A126000FE777 = {
						CreatedOnToolsVersion = 10.2;
					};
					27B61D6F21D6B64A0027CCDB = {
						CreatedOnToolsVersion = 10.1;
					};
					27B61DA721D6E49D0027CCDB = {
						CreatedOnToolsVersion = 10.1;
					};
				};
			};
			buildConfigurationList = 271C2A1E21CAC8920045856E /* Build configuration list for PBXProject "CBL_C" */;
			compatibilityVersion = "Xcode 10.0";
			developmentRegion = en;
			hasScannedForEncodings = 0;
			knownRegions = (
				en,
			);
			mainGroup = 271C2A1A21CAC8920045856E;
			productRefGroup = 271C2A2421CAC8920045856E /* Products */;
			projectDirPath = "";
			projectReferences = (
				{
					ProductGroup = 271C2A3921CAD5950045856E /* Products */;
					ProjectRef = 271C2A3821CAD5950045856E /* LiteCore.xcodeproj */;
				},
			);
			projectRoot = "";
			targets = (
				271C2A2221CAC8920045856E /* CBL_C */,
				27B61D6F21D6B64A0027CCDB /* CBL_C Dylib */,
				27984E092249A126000FE777 /* CBL_C Framework */,
				27B61DA721D6E49D0027CCDB /* CBL_Tests */,
				275B357B234812C700FE9CF0 /* CouchbaseLiteTests */,
				272F012A2279037600E62F72 /* Doxygen */,
				2779ED5122E287FB0026ACD0 /* Python */,
			);
		};
/* End PBXProject section */

/* Begin PBXReferenceProxy section */
		271C2A4F21CAD5950045856E /* libLiteCore-static.a */ = {
			isa = PBXReferenceProxy;
			fileType = archive.ar;
			path = "libLiteCore-static.a";
			remoteRef = 271C2A4E21CAD5950045856E /* PBXContainerItemProxy */;
			sourceTree = BUILT_PRODUCTS_DIR;
		};
		271C2A5121CAD5950045856E /* libLiteCore.dylib */ = {
			isa = PBXReferenceProxy;
			fileType = "compiled.mach-o.dylib";
			path = libLiteCore.dylib;
			remoteRef = 271C2A5021CAD5950045856E /* PBXContainerItemProxy */;
			sourceTree = BUILT_PRODUCTS_DIR;
		};
		271C2A5321CAD5950045856E /* LiteCore.framework */ = {
			isa = PBXReferenceProxy;
			fileType = wrapper.framework;
			path = LiteCore.framework;
			remoteRef = 271C2A5221CAD5950045856E /* PBXContainerItemProxy */;
			sourceTree = BUILT_PRODUCTS_DIR;
		};
		271C2A5521CAD5950045856E /* libLiteCoreREST-static.a */ = {
			isa = PBXReferenceProxy;
			fileType = archive.ar;
			path = "libLiteCoreREST-static.a";
			remoteRef = 271C2A5421CAD5950045856E /* PBXContainerItemProxy */;
			sourceTree = BUILT_PRODUCTS_DIR;
		};
		271C2A5921CAD5950045856E /* libSupport.a */ = {
			isa = PBXReferenceProxy;
			fileType = archive.ar;
			path = libSupport.a;
			remoteRef = 271C2A5821CAD5950045856E /* PBXContainerItemProxy */;
			sourceTree = BUILT_PRODUCTS_DIR;
		};
		271C2A5B21CAD5950045856E /* LiteCoreCppTests */ = {
			isa = PBXReferenceProxy;
			fileType = "compiled.mach-o.executable";
			path = LiteCoreCppTests;
			remoteRef = 271C2A5A21CAD5950045856E /* PBXContainerItemProxy */;
			sourceTree = BUILT_PRODUCTS_DIR;
		};
		271C2A5D21CAD5950045856E /* C4Tests */ = {
			isa = PBXReferenceProxy;
			fileType = "compiled.mach-o.executable";
			path = C4Tests;
			remoteRef = 271C2A5C21CAD5950045856E /* PBXContainerItemProxy */;
			sourceTree = BUILT_PRODUCTS_DIR;
		};
		271C2A6121CAD5950045856E /* libSQLite.a */ = {
			isa = PBXReferenceProxy;
			fileType = archive.ar;
			path = libSQLite.a;
			remoteRef = 271C2A6021CAD5950045856E /* PBXContainerItemProxy */;
			sourceTree = BUILT_PRODUCTS_DIR;
		};
		271C2A6321CAD5950045856E /* libTokenizer.a */ = {
			isa = PBXReferenceProxy;
			fileType = archive.ar;
			path = libTokenizer.a;
			remoteRef = 271C2A6221CAD5950045856E /* PBXContainerItemProxy */;
			sourceTree = BUILT_PRODUCTS_DIR;
		};
		271C2A6721CAD5950045856E /* LiteCoreTests.xctest */ = {
			isa = PBXReferenceProxy;
			fileType = wrapper.cfbundle;
			path = LiteCoreTests.xctest;
			remoteRef = 271C2A6621CAD5950045856E /* PBXContainerItemProxy */;
			sourceTree = BUILT_PRODUCTS_DIR;
		};
		271C2A6921CAD5950045856E /* LiteCore-iOS.app */ = {
			isa = PBXReferenceProxy;
			fileType = wrapper.application;
			path = "LiteCore-iOS.app";
			remoteRef = 271C2A6821CAD5950045856E /* PBXContainerItemProxy */;
			sourceTree = BUILT_PRODUCTS_DIR;
		};
		271C2A6D21CAD5950045856E /* LiteCore-iOS Tests.xctest */ = {
			isa = PBXReferenceProxy;
			fileType = wrapper.cfbundle;
			path = "LiteCore-iOS Tests.xctest";
			remoteRef = 271C2A6C21CAD5950045856E /* PBXContainerItemProxy */;
			sourceTree = BUILT_PRODUCTS_DIR;
		};
		277CC9A622BC23DF00B245CB /* libLiteCoreWebSocket.a */ = {
			isa = PBXReferenceProxy;
			fileType = archive.ar;
			path = libLiteCoreWebSocket.a;
			remoteRef = 277CC9A522BC23DF00B245CB /* PBXContainerItemProxy */;
			sourceTree = BUILT_PRODUCTS_DIR;
		};
/* End PBXReferenceProxy section */

/* Begin PBXResourcesBuildPhase section */
		275B357A234812C700FE9CF0 /* Resources */ = {
			isa = PBXResourcesBuildPhase;
			buildActionMask = 2147483647;
			files = (
				275B35A1234D0ADC00FE9CF0 /* names_100.json in Resources */,
			);
			runOnlyForDeploymentPostprocessing = 0;
		};
/* End PBXResourcesBuildPhase section */

/* Begin PBXShellScriptBuildPhase section */
		27984E382249A36A000FE777 /* Copy Fleece Headers */ = {
			isa = PBXShellScriptBuildPhase;
			buildActionMask = 2147483647;
			files = (
			);
			inputFileListPaths = (
			);
			inputPaths = (
				"vendor/couchbase-lite-core/vendor/fleece/API/fleece/*",
			);
			name = "Copy Fleece Headers";
			outputFileListPaths = (
			);
			outputPaths = (
			);
			runOnlyForDeploymentPostprocessing = 0;
			shellPath = /bin/sh;
			shellScript = "set -e\ncp -R vendor/couchbase-lite-core/vendor/fleece/API/fleece/ \"$BUILT_PRODUCTS_DIR/$PUBLIC_HEADERS_FOLDER_PATH/fleece/\"\n";
		};
/* End PBXShellScriptBuildPhase section */

/* Begin PBXSourcesBuildPhase section */
		271C2A2021CAC8920045856E /* Sources */ = {
			isa = PBXSourcesBuildPhase;
			buildActionMask = 2147483647;
			files = (
				27D11BF02351043B00C58A70 /* ConflictResolver.cc in Sources */,
				271C2A7621CC4BD60045856E /* Util.cc in Sources */,
				27886C8E21F64C1400069BEA /* Listener.cc in Sources */,
				271C2A6F21CAD5B30045856E /* CBLBase.cc in Sources */,
				271C2A7221CADB170045856E /* CBLDatabase.cc in Sources */,
				271C2A7821CC750E0045856E /* CBLDocument.cc in Sources */,
				275BC4DE2201323700DBE7D2 /* CBLBlob.cc in Sources */,
				27B61D5621D5ABA60027CCDB /* CBLQuery.cc in Sources */,
				277B77D5245B44E900B222D3 /* CBLLog.cc in Sources */,
				271A989E243BFDBF008C032D /* CBLURLEndpointListener.cc in Sources */,
				277FEE7521ED3C4900B60E3C /* CBLReplicator.cc in Sources */,
			);
			runOnlyForDeploymentPostprocessing = 0;
		};
		275B3578234812C700FE9CF0 /* Sources */ = {
			isa = PBXSourcesBuildPhase;
			buildActionMask = 2147483647;
			files = (
				275B3599234C158900FE9CF0 /* CouchbaseLiteTests.mm in Sources */,
				275B358E23481D0C00FE9CF0 /* CBLTest.c in Sources */,
				2736A635242E5A74002B9D65 /* ReplicatorEETest.cc in Sources */,
				275B358923481D0C00FE9CF0 /* CBLTest.cc in Sources */,
				275B358A23481D0C00FE9CF0 /* DatabaseTest.cc in Sources */,
				275B358B23481D0C00FE9CF0 /* DatabaseTest_Cpp.cc in Sources */,
				275B358C23481D0C00FE9CF0 /* BlobTest_Cpp.cc in Sources */,
				275B359F234D064600FE9CF0 /* QueryTest.cc in Sources */,
				275B358D23481D0C00FE9CF0 /* ReplicatorTest.cc in Sources */,
			);
			runOnlyForDeploymentPostprocessing = 0;
		};
		27984E062249A126000FE777 /* Sources */ = {
			isa = PBXSourcesBuildPhase;
			buildActionMask = 2147483647;
			files = (
				27984E212249A189000FE777 /* dylib_main.cc in Sources */,
			);
			runOnlyForDeploymentPostprocessing = 0;
		};
		27B61D6D21D6B64A0027CCDB /* Sources */ = {
			isa = PBXSourcesBuildPhase;
			buildActionMask = 2147483647;
			files = (
				27B61D7F21D6B6900027CCDB /* dylib_main.cc in Sources */,
			);
			runOnlyForDeploymentPostprocessing = 0;
		};
		27B61DA421D6E49D0027CCDB /* Sources */ = {
			isa = PBXSourcesBuildPhase;
			buildActionMask = 2147483647;
			files = (
				275B3594234BDB2700FE9CF0 /* CBLTestsMain.cpp in Sources */,
				27C9B5F321F7EE670040BC45 /* CBLTest.c in Sources */,
				2736A634242E5A74002B9D65 /* ReplicatorEETest.cc in Sources */,
				27B61DAF21D6E4B70027CCDB /* CBLTest.cc in Sources */,
				27B61DB921D6ECA70027CCDB /* DatabaseTest.cc in Sources */,
				277FEE5321E6BCA500B60E3C /* DatabaseTest_Cpp.cc in Sources */,
				275BC4F42204FB1400DBE7D2 /* BlobTest_Cpp.cc in Sources */,
				275B359E234D064600FE9CF0 /* QueryTest.cc in Sources */,
				277CC99522BC23DE00B245CB /* ReplicatorTest.cc in Sources */,
				27D30F9F23A2D30500392107 /* PerfTest.cc in Sources */,
			);
			runOnlyForDeploymentPostprocessing = 0;
		};
/* End PBXSourcesBuildPhase section */

/* Begin PBXTargetDependency section */
		271A98A0243C0852008C032D /* PBXTargetDependency */ = {
			isa = PBXTargetDependency;
			name = LiteCoreWebSocket;
			targetProxy = 271A989F243C0852008C032D /* PBXContainerItemProxy */;
		};
		271A98A2243C0858008C032D /* PBXTargetDependency */ = {
			isa = PBXTargetDependency;
			name = "LiteCoreREST static";
			targetProxy = 271A98A1243C0858008C032D /* PBXContainerItemProxy */;
		};
		271A98A5243C0894008C032D /* PBXTargetDependency */ = {
			isa = PBXTargetDependency;
			name = "LiteCoreREST static";
			targetProxy = 271A98A4243C0894008C032D /* PBXContainerItemProxy */;
		};
		271C2A7B21CC86E10045856E /* PBXTargetDependency */ = {
			isa = PBXTargetDependency;
			name = "LiteCore static";
			targetProxy = 271C2A7A21CC86E10045856E /* PBXContainerItemProxy */;
		};
		272F012F2279038600E62F72 /* PBXTargetDependency */ = {
			isa = PBXTargetDependency;
			target = 271C2A2221CAC8920045856E /* CBL_C */;
			targetProxy = 272F012E2279038600E62F72 /* PBXContainerItemProxy */;
		};
		275B3590234BCF6900FE9CF0 /* PBXTargetDependency */ = {
			isa = PBXTargetDependency;
			target = 27B61D6F21D6B64A0027CCDB /* CBL_C Dylib */;
			targetProxy = 275B358F234BCF6900FE9CF0 /* PBXContainerItemProxy */;
		};
		2779ED5622E2881B0026ACD0 /* PBXTargetDependency */ = {
			isa = PBXTargetDependency;
			target = 27B61D6F21D6B64A0027CCDB /* CBL_C Dylib */;
			targetProxy = 2779ED5522E2881B0026ACD0 /* PBXContainerItemProxy */;
		};
		277CC9AD22BC3E2800B245CB /* PBXTargetDependency */ = {
			isa = PBXTargetDependency;
			name = LiteCoreWebSocket;
			targetProxy = 277CC9AC22BC3E2800B245CB /* PBXContainerItemProxy */;
		};
		27984E232249A1A0000FE777 /* PBXTargetDependency */ = {
			isa = PBXTargetDependency;
			target = 271C2A2221CAC8920045856E /* CBL_C */;
			targetProxy = 27984E222249A1A0000FE777 /* PBXContainerItemProxy */;
		};
		27984E252249A1A6000FE777 /* PBXTargetDependency */ = {
			isa = PBXTargetDependency;
			name = "LiteCore static";
			targetProxy = 27984E242249A1A6000FE777 /* PBXContainerItemProxy */;
		};
		27B61D7C21D6B6680027CCDB /* PBXTargetDependency */ = {
			isa = PBXTargetDependency;
			target = 271C2A2221CAC8920045856E /* CBL_C */;
			targetProxy = 27B61D7B21D6B6680027CCDB /* PBXContainerItemProxy */;
		};
		27B61DB721D6EBE00027CCDB /* PBXTargetDependency */ = {
			isa = PBXTargetDependency;
			target = 27B61D6F21D6B64A0027CCDB /* CBL_C Dylib */;
			targetProxy = 27B61DB621D6EBE00027CCDB /* PBXContainerItemProxy */;
		};
		27B61DBE21D707910027CCDB /* PBXTargetDependency */ = {
			isa = PBXTargetDependency;
			name = "LiteCore static";
			targetProxy = 27B61DBD21D707910027CCDB /* PBXContainerItemProxy */;
		};
/* End PBXTargetDependency section */

/* Begin XCBuildConfiguration section */
		271C2A2521CAC8920045856E /* Debug */ = {
			isa = XCBuildConfiguration;
			baseConfigurationReference = 27B61D8921D6BAB10027CCDB /* Project_Debug.xcconfig */;
			buildSettings = {
			};
			name = Debug;
		};
		271C2A2621CAC8920045856E /* Release */ = {
			isa = XCBuildConfiguration;
			baseConfigurationReference = 27B61D8721D6BAB10027CCDB /* Project_Release.xcconfig */;
			buildSettings = {
			};
			name = Release;
		};
		271C2A2821CAC8920045856E /* Debug */ = {
			isa = XCBuildConfiguration;
			baseConfigurationReference = 27B61D8621D6BAB10027CCDB /* CBL_static.xcconfig */;
			buildSettings = {
			};
			name = Debug;
		};
		271C2A2921CAC8920045856E /* Release */ = {
			isa = XCBuildConfiguration;
			baseConfigurationReference = 27B61D8621D6BAB10027CCDB /* CBL_static.xcconfig */;
			buildSettings = {
			};
			name = Release;
		};
		272F012C2279037600E62F72 /* Debug */ = {
			isa = XCBuildConfiguration;
			buildSettings = {
				ALWAYS_SEARCH_USER_PATHS = NO;
				CLANG_ANALYZER_NONNULL = YES;
				CLANG_ANALYZER_NUMBER_OBJECT_CONVERSION = YES_AGGRESSIVE;
				CLANG_CXX_LANGUAGE_STANDARD = "gnu++14";
				CLANG_CXX_LIBRARY = "libc++";
				CLANG_ENABLE_MODULES = YES;
				CLANG_ENABLE_OBJC_ARC = YES;
				CLANG_ENABLE_OBJC_WEAK = YES;
				CLANG_WARN_BLOCK_CAPTURE_AUTORELEASING = YES;
				CLANG_WARN_BOOL_CONVERSION = YES;
				CLANG_WARN_COMMA = YES;
				CLANG_WARN_CONSTANT_CONVERSION = YES;
				CLANG_WARN_DEPRECATED_OBJC_IMPLEMENTATIONS = YES;
				CLANG_WARN_DIRECT_OBJC_ISA_USAGE = YES_ERROR;
				CLANG_WARN_DOCUMENTATION_COMMENTS = YES;
				CLANG_WARN_EMPTY_BODY = YES;
				CLANG_WARN_ENUM_CONVERSION = YES;
				CLANG_WARN_INFINITE_RECURSION = YES;
				CLANG_WARN_INT_CONVERSION = YES;
				CLANG_WARN_NON_LITERAL_NULL_CONVERSION = YES;
				CLANG_WARN_OBJC_IMPLICIT_RETAIN_SELF = YES;
				CLANG_WARN_OBJC_LITERAL_CONVERSION = YES;
				CLANG_WARN_OBJC_ROOT_CLASS = YES_ERROR;
				CLANG_WARN_RANGE_LOOP_ANALYSIS = YES;
				CLANG_WARN_STRICT_PROTOTYPES = YES;
				CLANG_WARN_SUSPICIOUS_MOVE = YES;
				CLANG_WARN_UNGUARDED_AVAILABILITY = YES_AGGRESSIVE;
				CLANG_WARN_UNREACHABLE_CODE = YES;
				CLANG_WARN__DUPLICATE_METHOD_MATCH = YES;
				CODE_SIGN_STYLE = Automatic;
				COPY_PHASE_STRIP = NO;
				DEBUGGING_SYMBOLS = YES;
				DEBUG_INFORMATION_FORMAT = dwarf;
				DEVELOPMENT_TEAM = N2Q372V7W2;
				ENABLE_STRICT_OBJC_MSGSEND = YES;
				ENABLE_TESTABILITY = YES;
				GCC_C_LANGUAGE_STANDARD = gnu11;
				GCC_DYNAMIC_NO_PIC = NO;
				GCC_GENERATE_DEBUGGING_SYMBOLS = YES;
				GCC_NO_COMMON_BLOCKS = YES;
				GCC_OPTIMIZATION_LEVEL = 0;
				GCC_PREPROCESSOR_DEFINITIONS = (
					"DEBUG=1",
					"$(inherited)",
				);
				GCC_WARN_64_TO_32_BIT_CONVERSION = YES;
				GCC_WARN_ABOUT_RETURN_TYPE = YES_ERROR;
				GCC_WARN_UNDECLARED_SELECTOR = YES;
				GCC_WARN_UNINITIALIZED_AUTOS = YES_AGGRESSIVE;
				GCC_WARN_UNUSED_FUNCTION = YES;
				GCC_WARN_UNUSED_VARIABLE = YES;
				MTL_ENABLE_DEBUG_INFO = INCLUDE_SOURCE;
				MTL_FAST_MATH = YES;
				ONLY_ACTIVE_ARCH = YES;
				OTHER_CFLAGS = "";
				OTHER_LDFLAGS = "";
				PRODUCT_NAME = "$(TARGET_NAME)";
			};
			name = Debug;
		};
		272F012D2279037600E62F72 /* Release */ = {
			isa = XCBuildConfiguration;
			buildSettings = {
				ALWAYS_SEARCH_USER_PATHS = NO;
				CLANG_ANALYZER_NONNULL = YES;
				CLANG_ANALYZER_NUMBER_OBJECT_CONVERSION = YES_AGGRESSIVE;
				CLANG_CXX_LANGUAGE_STANDARD = "gnu++14";
				CLANG_CXX_LIBRARY = "libc++";
				CLANG_ENABLE_MODULES = YES;
				CLANG_ENABLE_OBJC_ARC = YES;
				CLANG_ENABLE_OBJC_WEAK = YES;
				CLANG_WARN_BLOCK_CAPTURE_AUTORELEASING = YES;
				CLANG_WARN_BOOL_CONVERSION = YES;
				CLANG_WARN_COMMA = YES;
				CLANG_WARN_CONSTANT_CONVERSION = YES;
				CLANG_WARN_DEPRECATED_OBJC_IMPLEMENTATIONS = YES;
				CLANG_WARN_DIRECT_OBJC_ISA_USAGE = YES_ERROR;
				CLANG_WARN_DOCUMENTATION_COMMENTS = YES;
				CLANG_WARN_EMPTY_BODY = YES;
				CLANG_WARN_ENUM_CONVERSION = YES;
				CLANG_WARN_INFINITE_RECURSION = YES;
				CLANG_WARN_INT_CONVERSION = YES;
				CLANG_WARN_NON_LITERAL_NULL_CONVERSION = YES;
				CLANG_WARN_OBJC_IMPLICIT_RETAIN_SELF = YES;
				CLANG_WARN_OBJC_LITERAL_CONVERSION = YES;
				CLANG_WARN_OBJC_ROOT_CLASS = YES_ERROR;
				CLANG_WARN_RANGE_LOOP_ANALYSIS = YES;
				CLANG_WARN_STRICT_PROTOTYPES = YES;
				CLANG_WARN_SUSPICIOUS_MOVE = YES;
				CLANG_WARN_UNGUARDED_AVAILABILITY = YES_AGGRESSIVE;
				CLANG_WARN_UNREACHABLE_CODE = YES;
				CLANG_WARN__DUPLICATE_METHOD_MATCH = YES;
				CODE_SIGN_STYLE = Automatic;
				COPY_PHASE_STRIP = NO;
				DEBUG_INFORMATION_FORMAT = "dwarf-with-dsym";
				DEVELOPMENT_TEAM = N2Q372V7W2;
				ENABLE_NS_ASSERTIONS = NO;
				ENABLE_STRICT_OBJC_MSGSEND = YES;
				GCC_C_LANGUAGE_STANDARD = gnu11;
				GCC_NO_COMMON_BLOCKS = YES;
				GCC_WARN_64_TO_32_BIT_CONVERSION = YES;
				GCC_WARN_ABOUT_RETURN_TYPE = YES_ERROR;
				GCC_WARN_UNDECLARED_SELECTOR = YES;
				GCC_WARN_UNINITIALIZED_AUTOS = YES_AGGRESSIVE;
				GCC_WARN_UNUSED_FUNCTION = YES;
				GCC_WARN_UNUSED_VARIABLE = YES;
				MTL_ENABLE_DEBUG_INFO = NO;
				MTL_FAST_MATH = YES;
				OTHER_CFLAGS = "";
				OTHER_LDFLAGS = "";
				PRODUCT_NAME = "$(TARGET_NAME)";
			};
			name = Release;
		};
		275B3585234812C800FE9CF0 /* Debug */ = {
			isa = XCBuildConfiguration;
			baseConfigurationReference = 275B358823481C5200FE9CF0 /* XCTests.xcconfig */;
			buildSettings = {
			};
			name = Debug;
		};
		275B3586234812C800FE9CF0 /* Release */ = {
			isa = XCBuildConfiguration;
			baseConfigurationReference = 275B358823481C5200FE9CF0 /* XCTests.xcconfig */;
			buildSettings = {
			};
			name = Release;
		};
		2779ED5322E287FB0026ACD0 /* Debug */ = {
			isa = XCBuildConfiguration;
			buildSettings = {
				ALWAYS_SEARCH_USER_PATHS = NO;
				CLANG_ANALYZER_NONNULL = YES;
				CLANG_ANALYZER_NUMBER_OBJECT_CONVERSION = YES_AGGRESSIVE;
				CLANG_CXX_LANGUAGE_STANDARD = "gnu++14";
				CLANG_CXX_LIBRARY = "libc++";
				CLANG_ENABLE_MODULES = YES;
				CLANG_ENABLE_OBJC_ARC = YES;
				CLANG_ENABLE_OBJC_WEAK = YES;
				CLANG_WARN_BLOCK_CAPTURE_AUTORELEASING = YES;
				CLANG_WARN_BOOL_CONVERSION = YES;
				CLANG_WARN_COMMA = YES;
				CLANG_WARN_CONSTANT_CONVERSION = YES;
				CLANG_WARN_DEPRECATED_OBJC_IMPLEMENTATIONS = YES;
				CLANG_WARN_DIRECT_OBJC_ISA_USAGE = YES_ERROR;
				CLANG_WARN_DOCUMENTATION_COMMENTS = YES;
				CLANG_WARN_EMPTY_BODY = YES;
				CLANG_WARN_ENUM_CONVERSION = YES;
				CLANG_WARN_INFINITE_RECURSION = YES;
				CLANG_WARN_INT_CONVERSION = YES;
				CLANG_WARN_NON_LITERAL_NULL_CONVERSION = YES;
				CLANG_WARN_OBJC_IMPLICIT_RETAIN_SELF = YES;
				CLANG_WARN_OBJC_LITERAL_CONVERSION = YES;
				CLANG_WARN_OBJC_ROOT_CLASS = YES_ERROR;
				CLANG_WARN_RANGE_LOOP_ANALYSIS = YES;
				CLANG_WARN_STRICT_PROTOTYPES = YES;
				CLANG_WARN_SUSPICIOUS_MOVE = YES;
				CLANG_WARN_UNGUARDED_AVAILABILITY = YES_AGGRESSIVE;
				CLANG_WARN_UNREACHABLE_CODE = YES;
				CLANG_WARN__DUPLICATE_METHOD_MATCH = YES;
				CODE_SIGN_STYLE = Automatic;
				COPY_PHASE_STRIP = NO;
				DEBUGGING_SYMBOLS = YES;
				DEBUG_INFORMATION_FORMAT = dwarf;
				DEVELOPMENT_TEAM = N2Q372V7W2;
				ENABLE_STRICT_OBJC_MSGSEND = YES;
				ENABLE_TESTABILITY = YES;
				GCC_C_LANGUAGE_STANDARD = gnu11;
				GCC_DYNAMIC_NO_PIC = NO;
				GCC_GENERATE_DEBUGGING_SYMBOLS = YES;
				GCC_NO_COMMON_BLOCKS = YES;
				GCC_OPTIMIZATION_LEVEL = 0;
				GCC_PREPROCESSOR_DEFINITIONS = (
					"DEBUG=1",
					"$(inherited)",
				);
				GCC_WARN_64_TO_32_BIT_CONVERSION = YES;
				GCC_WARN_ABOUT_RETURN_TYPE = YES_ERROR;
				GCC_WARN_UNDECLARED_SELECTOR = YES;
				GCC_WARN_UNINITIALIZED_AUTOS = YES_AGGRESSIVE;
				GCC_WARN_UNUSED_FUNCTION = YES;
				GCC_WARN_UNUSED_VARIABLE = YES;
				MTL_ENABLE_DEBUG_INFO = INCLUDE_SOURCE;
				MTL_FAST_MATH = YES;
				ONLY_ACTIVE_ARCH = YES;
				OTHER_CFLAGS = "";
				OTHER_LDFLAGS = "";
				PRODUCT_NAME = "$(TARGET_NAME)";
			};
			name = Debug;
		};
		2779ED5422E287FB0026ACD0 /* Release */ = {
			isa = XCBuildConfiguration;
			buildSettings = {
				ALWAYS_SEARCH_USER_PATHS = NO;
				CLANG_ANALYZER_NONNULL = YES;
				CLANG_ANALYZER_NUMBER_OBJECT_CONVERSION = YES_AGGRESSIVE;
				CLANG_CXX_LANGUAGE_STANDARD = "gnu++14";
				CLANG_CXX_LIBRARY = "libc++";
				CLANG_ENABLE_MODULES = YES;
				CLANG_ENABLE_OBJC_ARC = YES;
				CLANG_ENABLE_OBJC_WEAK = YES;
				CLANG_WARN_BLOCK_CAPTURE_AUTORELEASING = YES;
				CLANG_WARN_BOOL_CONVERSION = YES;
				CLANG_WARN_COMMA = YES;
				CLANG_WARN_CONSTANT_CONVERSION = YES;
				CLANG_WARN_DEPRECATED_OBJC_IMPLEMENTATIONS = YES;
				CLANG_WARN_DIRECT_OBJC_ISA_USAGE = YES_ERROR;
				CLANG_WARN_DOCUMENTATION_COMMENTS = YES;
				CLANG_WARN_EMPTY_BODY = YES;
				CLANG_WARN_ENUM_CONVERSION = YES;
				CLANG_WARN_INFINITE_RECURSION = YES;
				CLANG_WARN_INT_CONVERSION = YES;
				CLANG_WARN_NON_LITERAL_NULL_CONVERSION = YES;
				CLANG_WARN_OBJC_IMPLICIT_RETAIN_SELF = YES;
				CLANG_WARN_OBJC_LITERAL_CONVERSION = YES;
				CLANG_WARN_OBJC_ROOT_CLASS = YES_ERROR;
				CLANG_WARN_RANGE_LOOP_ANALYSIS = YES;
				CLANG_WARN_STRICT_PROTOTYPES = YES;
				CLANG_WARN_SUSPICIOUS_MOVE = YES;
				CLANG_WARN_UNGUARDED_AVAILABILITY = YES_AGGRESSIVE;
				CLANG_WARN_UNREACHABLE_CODE = YES;
				CLANG_WARN__DUPLICATE_METHOD_MATCH = YES;
				CODE_SIGN_STYLE = Automatic;
				COPY_PHASE_STRIP = NO;
				DEBUG_INFORMATION_FORMAT = "dwarf-with-dsym";
				DEVELOPMENT_TEAM = N2Q372V7W2;
				ENABLE_NS_ASSERTIONS = NO;
				ENABLE_STRICT_OBJC_MSGSEND = YES;
				GCC_C_LANGUAGE_STANDARD = gnu11;
				GCC_NO_COMMON_BLOCKS = YES;
				GCC_WARN_64_TO_32_BIT_CONVERSION = YES;
				GCC_WARN_ABOUT_RETURN_TYPE = YES_ERROR;
				GCC_WARN_UNDECLARED_SELECTOR = YES;
				GCC_WARN_UNINITIALIZED_AUTOS = YES_AGGRESSIVE;
				GCC_WARN_UNUSED_FUNCTION = YES;
				GCC_WARN_UNUSED_VARIABLE = YES;
				MTL_ENABLE_DEBUG_INFO = NO;
				MTL_FAST_MATH = YES;
				OTHER_CFLAGS = "";
				OTHER_LDFLAGS = "";
				PRODUCT_NAME = "$(TARGET_NAME)";
			};
			name = Release;
		};
		27984E1C2249A127000FE777 /* Debug */ = {
			isa = XCBuildConfiguration;
			baseConfigurationReference = 27310FD7235F686D0046F8C8 /* CBL_Framework_Debug.xcconfig */;
			buildSettings = {
				CODE_SIGN_IDENTITY = "-";
				DEVELOPMENT_TEAM = N2Q372V7W2;
				ENABLE_HARDENED_RUNTIME = YES;
			};
			name = Debug;
		};
		27984E1D2249A127000FE777 /* Release */ = {
			isa = XCBuildConfiguration;
			baseConfigurationReference = 27984E492249AF61000FE777 /* CBL_Framework_Release.xcconfig */;
			buildSettings = {
				CODE_SIGN_IDENTITY = "Apple Development";
				DEVELOPMENT_TEAM = N2Q372V7W2;
				ENABLE_HARDENED_RUNTIME = YES;
			};
			name = Release;
		};
		27B61D7921D6B64A0027CCDB /* Debug */ = {
			isa = XCBuildConfiguration;
			baseConfigurationReference = 27B61D8821D6BAB10027CCDB /* CBL_dylib.xcconfig */;
			buildSettings = {
				MODULEMAP_FILE = CouchbaseLite.modulemap;
				PRODUCT_MODULE_NAME = CouchbaseLite;
			};
			name = Debug;
		};
		27B61D7A21D6B64A0027CCDB /* Release */ = {
			isa = XCBuildConfiguration;
			baseConfigurationReference = 27984E482249AF44000FE777 /* CBL_Dylib_Release.xcconfig */;
			buildSettings = {
				MODULEMAP_FILE = CouchbaseLite.modulemap;
				PRODUCT_MODULE_NAME = CouchbaseLite;
			};
			name = Release;
		};
		27B61DAD21D6E49D0027CCDB /* Debug */ = {
			isa = XCBuildConfiguration;
			baseConfigurationReference = 27B61DB021D6E53D0027CCDB /* Tests.xcconfig */;
			buildSettings = {
				ALWAYS_SEARCH_USER_PATHS = NO;
				CLANG_ANALYZER_NONNULL = YES;
				CLANG_ANALYZER_NUMBER_OBJECT_CONVERSION = YES_AGGRESSIVE;
				CLANG_CXX_LANGUAGE_STANDARD = "gnu++14";
				CLANG_ENABLE_MODULES = YES;
				CLANG_ENABLE_OBJC_ARC = YES;
				CLANG_ENABLE_OBJC_WEAK = YES;
				CLANG_WARN_BLOCK_CAPTURE_AUTORELEASING = YES;
				CLANG_WARN_BOOL_CONVERSION = YES;
				CLANG_WARN_COMMA = YES;
				CLANG_WARN_CONSTANT_CONVERSION = YES;
				CLANG_WARN_DEPRECATED_OBJC_IMPLEMENTATIONS = YES;
				CLANG_WARN_DIRECT_OBJC_ISA_USAGE = YES_ERROR;
				CLANG_WARN_DOCUMENTATION_COMMENTS = YES;
				CLANG_WARN_EMPTY_BODY = YES;
				CLANG_WARN_ENUM_CONVERSION = YES;
				CLANG_WARN_INFINITE_RECURSION = YES;
				CLANG_WARN_INT_CONVERSION = YES;
				CLANG_WARN_NON_LITERAL_NULL_CONVERSION = YES;
				CLANG_WARN_OBJC_IMPLICIT_RETAIN_SELF = YES;
				CLANG_WARN_OBJC_LITERAL_CONVERSION = YES;
				CLANG_WARN_OBJC_ROOT_CLASS = YES_ERROR;
				CLANG_WARN_RANGE_LOOP_ANALYSIS = YES;
				CLANG_WARN_STRICT_PROTOTYPES = YES;
				CLANG_WARN_SUSPICIOUS_MOVE = YES;
				CLANG_WARN_UNGUARDED_AVAILABILITY = YES_AGGRESSIVE;
				CLANG_WARN_UNREACHABLE_CODE = YES;
				CLANG_WARN__DUPLICATE_METHOD_MATCH = YES;
				COPY_PHASE_STRIP = NO;
				DEBUG_INFORMATION_FORMAT = dwarf;
				ENABLE_STRICT_OBJC_MSGSEND = YES;
				ENABLE_TESTABILITY = YES;
				GCC_C_LANGUAGE_STANDARD = gnu11;
				GCC_DYNAMIC_NO_PIC = NO;
				GCC_NO_COMMON_BLOCKS = YES;
				GCC_PREPROCESSOR_DEFINITIONS = (
					"DEBUG=1",
					"$(inherited)",
				);
				GCC_WARN_64_TO_32_BIT_CONVERSION = YES;
				GCC_WARN_ABOUT_RETURN_TYPE = YES_ERROR;
				GCC_WARN_UNDECLARED_SELECTOR = YES;
				GCC_WARN_UNINITIALIZED_AUTOS = YES_AGGRESSIVE;
				GCC_WARN_UNUSED_FUNCTION = YES;
				GCC_WARN_UNUSED_VARIABLE = YES;
				MACOSX_DEPLOYMENT_TARGET = 10.14;
				MTL_ENABLE_DEBUG_INFO = INCLUDE_SOURCE;
				MTL_FAST_MATH = YES;
				ONLY_ACTIVE_ARCH = YES;
				PRODUCT_NAME = "$(TARGET_NAME)";
				SDKROOT = macosx;
			};
			name = Debug;
		};
		27B61DAE21D6E49D0027CCDB /* Release */ = {
			isa = XCBuildConfiguration;
			baseConfigurationReference = 27B61DB021D6E53D0027CCDB /* Tests.xcconfig */;
			buildSettings = {
				ALWAYS_SEARCH_USER_PATHS = NO;
				CLANG_ANALYZER_NONNULL = YES;
				CLANG_ANALYZER_NUMBER_OBJECT_CONVERSION = YES_AGGRESSIVE;
				CLANG_CXX_LANGUAGE_STANDARD = "gnu++14";
				CLANG_ENABLE_MODULES = YES;
				CLANG_ENABLE_OBJC_ARC = YES;
				CLANG_ENABLE_OBJC_WEAK = YES;
				CLANG_WARN_BLOCK_CAPTURE_AUTORELEASING = YES;
				CLANG_WARN_BOOL_CONVERSION = YES;
				CLANG_WARN_COMMA = YES;
				CLANG_WARN_CONSTANT_CONVERSION = YES;
				CLANG_WARN_DEPRECATED_OBJC_IMPLEMENTATIONS = YES;
				CLANG_WARN_DIRECT_OBJC_ISA_USAGE = YES_ERROR;
				CLANG_WARN_DOCUMENTATION_COMMENTS = YES;
				CLANG_WARN_EMPTY_BODY = YES;
				CLANG_WARN_ENUM_CONVERSION = YES;
				CLANG_WARN_INFINITE_RECURSION = YES;
				CLANG_WARN_INT_CONVERSION = YES;
				CLANG_WARN_NON_LITERAL_NULL_CONVERSION = YES;
				CLANG_WARN_OBJC_IMPLICIT_RETAIN_SELF = YES;
				CLANG_WARN_OBJC_LITERAL_CONVERSION = YES;
				CLANG_WARN_OBJC_ROOT_CLASS = YES_ERROR;
				CLANG_WARN_RANGE_LOOP_ANALYSIS = YES;
				CLANG_WARN_STRICT_PROTOTYPES = YES;
				CLANG_WARN_SUSPICIOUS_MOVE = YES;
				CLANG_WARN_UNGUARDED_AVAILABILITY = YES_AGGRESSIVE;
				CLANG_WARN_UNREACHABLE_CODE = YES;
				CLANG_WARN__DUPLICATE_METHOD_MATCH = YES;
				COPY_PHASE_STRIP = NO;
				DEBUG_INFORMATION_FORMAT = "dwarf-with-dsym";
				ENABLE_NS_ASSERTIONS = NO;
				ENABLE_STRICT_OBJC_MSGSEND = YES;
				GCC_C_LANGUAGE_STANDARD = gnu11;
				GCC_NO_COMMON_BLOCKS = YES;
				GCC_WARN_64_TO_32_BIT_CONVERSION = YES;
				GCC_WARN_ABOUT_RETURN_TYPE = YES_ERROR;
				GCC_WARN_UNDECLARED_SELECTOR = YES;
				GCC_WARN_UNINITIALIZED_AUTOS = YES_AGGRESSIVE;
				GCC_WARN_UNUSED_FUNCTION = YES;
				GCC_WARN_UNUSED_VARIABLE = YES;
				MACOSX_DEPLOYMENT_TARGET = 10.14;
				MTL_ENABLE_DEBUG_INFO = NO;
				MTL_FAST_MATH = YES;
				PRODUCT_NAME = "$(TARGET_NAME)";
				SDKROOT = macosx;
			};
			name = Release;
		};
		27D0556B2358F9DF009BB0A1 /* Debug-EE */ = {
			isa = XCBuildConfiguration;
			baseConfigurationReference = 27D055892358FA40009BB0A1 /* Project_Debug_EE.xcconfig */;
			buildSettings = {
			};
			name = "Debug-EE";
		};
		27D0556C2358F9DF009BB0A1 /* Debug-EE */ = {
			isa = XCBuildConfiguration;
			baseConfigurationReference = 27B61D8621D6BAB10027CCDB /* CBL_static.xcconfig */;
			buildSettings = {
			};
			name = "Debug-EE";
		};
		27D0556D2358F9DF009BB0A1 /* Debug-EE */ = {
			isa = XCBuildConfiguration;
			baseConfigurationReference = 27B61D8821D6BAB10027CCDB /* CBL_dylib.xcconfig */;
			buildSettings = {
				MODULEMAP_FILE = CouchbaseLite.modulemap;
				PRODUCT_MODULE_NAME = CouchbaseLite;
			};
			name = "Debug-EE";
		};
		27D0556E2358F9DF009BB0A1 /* Debug-EE */ = {
			isa = XCBuildConfiguration;
			baseConfigurationReference = 27310FD7235F686D0046F8C8 /* CBL_Framework_Debug.xcconfig */;
			buildSettings = {
				CODE_SIGN_IDENTITY = "-";
				DEVELOPMENT_TEAM = N2Q372V7W2;
				ENABLE_HARDENED_RUNTIME = YES;
			};
			name = "Debug-EE";
		};
		27D0556F2358F9DF009BB0A1 /* Debug-EE */ = {
			isa = XCBuildConfiguration;
			baseConfigurationReference = 27B61DB021D6E53D0027CCDB /* Tests.xcconfig */;
			buildSettings = {
				ALWAYS_SEARCH_USER_PATHS = NO;
				CLANG_ANALYZER_NONNULL = YES;
				CLANG_ANALYZER_NUMBER_OBJECT_CONVERSION = YES_AGGRESSIVE;
				CLANG_CXX_LANGUAGE_STANDARD = "gnu++14";
				CLANG_ENABLE_MODULES = YES;
				CLANG_ENABLE_OBJC_ARC = YES;
				CLANG_ENABLE_OBJC_WEAK = YES;
				CLANG_WARN_BLOCK_CAPTURE_AUTORELEASING = YES;
				CLANG_WARN_BOOL_CONVERSION = YES;
				CLANG_WARN_COMMA = YES;
				CLANG_WARN_CONSTANT_CONVERSION = YES;
				CLANG_WARN_DEPRECATED_OBJC_IMPLEMENTATIONS = YES;
				CLANG_WARN_DIRECT_OBJC_ISA_USAGE = YES_ERROR;
				CLANG_WARN_DOCUMENTATION_COMMENTS = YES;
				CLANG_WARN_EMPTY_BODY = YES;
				CLANG_WARN_ENUM_CONVERSION = YES;
				CLANG_WARN_INFINITE_RECURSION = YES;
				CLANG_WARN_INT_CONVERSION = YES;
				CLANG_WARN_NON_LITERAL_NULL_CONVERSION = YES;
				CLANG_WARN_OBJC_IMPLICIT_RETAIN_SELF = YES;
				CLANG_WARN_OBJC_LITERAL_CONVERSION = YES;
				CLANG_WARN_OBJC_ROOT_CLASS = YES_ERROR;
				CLANG_WARN_RANGE_LOOP_ANALYSIS = YES;
				CLANG_WARN_STRICT_PROTOTYPES = YES;
				CLANG_WARN_SUSPICIOUS_MOVE = YES;
				CLANG_WARN_UNGUARDED_AVAILABILITY = YES_AGGRESSIVE;
				CLANG_WARN_UNREACHABLE_CODE = YES;
				CLANG_WARN__DUPLICATE_METHOD_MATCH = YES;
				COPY_PHASE_STRIP = NO;
				DEBUG_INFORMATION_FORMAT = dwarf;
				ENABLE_STRICT_OBJC_MSGSEND = YES;
				ENABLE_TESTABILITY = YES;
				GCC_C_LANGUAGE_STANDARD = gnu11;
				GCC_DYNAMIC_NO_PIC = NO;
				GCC_NO_COMMON_BLOCKS = YES;
				GCC_PREPROCESSOR_DEFINITIONS = (
					"DEBUG=1",
					"$(inherited)",
				);
				GCC_WARN_64_TO_32_BIT_CONVERSION = YES;
				GCC_WARN_ABOUT_RETURN_TYPE = YES_ERROR;
				GCC_WARN_UNDECLARED_SELECTOR = YES;
				GCC_WARN_UNINITIALIZED_AUTOS = YES_AGGRESSIVE;
				GCC_WARN_UNUSED_FUNCTION = YES;
				GCC_WARN_UNUSED_VARIABLE = YES;
				MACOSX_DEPLOYMENT_TARGET = 10.14;
				MTL_ENABLE_DEBUG_INFO = INCLUDE_SOURCE;
				MTL_FAST_MATH = YES;
				ONLY_ACTIVE_ARCH = YES;
				PRODUCT_NAME = "$(TARGET_NAME)";
				SDKROOT = macosx;
			};
			name = "Debug-EE";
		};
		27D055702358F9DF009BB0A1 /* Debug-EE */ = {
			isa = XCBuildConfiguration;
			baseConfigurationReference = 275B358823481C5200FE9CF0 /* XCTests.xcconfig */;
			buildSettings = {
			};
			name = "Debug-EE";
		};
		27D055712358F9DF009BB0A1 /* Debug-EE */ = {
			isa = XCBuildConfiguration;
			buildSettings = {
				ALWAYS_SEARCH_USER_PATHS = NO;
				CLANG_ANALYZER_NONNULL = YES;
				CLANG_ANALYZER_NUMBER_OBJECT_CONVERSION = YES_AGGRESSIVE;
				CLANG_CXX_LANGUAGE_STANDARD = "gnu++14";
				CLANG_CXX_LIBRARY = "libc++";
				CLANG_ENABLE_MODULES = YES;
				CLANG_ENABLE_OBJC_ARC = YES;
				CLANG_ENABLE_OBJC_WEAK = YES;
				CLANG_WARN_BLOCK_CAPTURE_AUTORELEASING = YES;
				CLANG_WARN_BOOL_CONVERSION = YES;
				CLANG_WARN_COMMA = YES;
				CLANG_WARN_CONSTANT_CONVERSION = YES;
				CLANG_WARN_DEPRECATED_OBJC_IMPLEMENTATIONS = YES;
				CLANG_WARN_DIRECT_OBJC_ISA_USAGE = YES_ERROR;
				CLANG_WARN_DOCUMENTATION_COMMENTS = YES;
				CLANG_WARN_EMPTY_BODY = YES;
				CLANG_WARN_ENUM_CONVERSION = YES;
				CLANG_WARN_INFINITE_RECURSION = YES;
				CLANG_WARN_INT_CONVERSION = YES;
				CLANG_WARN_NON_LITERAL_NULL_CONVERSION = YES;
				CLANG_WARN_OBJC_IMPLICIT_RETAIN_SELF = YES;
				CLANG_WARN_OBJC_LITERAL_CONVERSION = YES;
				CLANG_WARN_OBJC_ROOT_CLASS = YES_ERROR;
				CLANG_WARN_RANGE_LOOP_ANALYSIS = YES;
				CLANG_WARN_STRICT_PROTOTYPES = YES;
				CLANG_WARN_SUSPICIOUS_MOVE = YES;
				CLANG_WARN_UNGUARDED_AVAILABILITY = YES_AGGRESSIVE;
				CLANG_WARN_UNREACHABLE_CODE = YES;
				CLANG_WARN__DUPLICATE_METHOD_MATCH = YES;
				CODE_SIGN_STYLE = Automatic;
				COPY_PHASE_STRIP = NO;
				DEBUGGING_SYMBOLS = YES;
				DEBUG_INFORMATION_FORMAT = dwarf;
				DEVELOPMENT_TEAM = N2Q372V7W2;
				ENABLE_STRICT_OBJC_MSGSEND = YES;
				ENABLE_TESTABILITY = YES;
				GCC_C_LANGUAGE_STANDARD = gnu11;
				GCC_DYNAMIC_NO_PIC = NO;
				GCC_GENERATE_DEBUGGING_SYMBOLS = YES;
				GCC_NO_COMMON_BLOCKS = YES;
				GCC_OPTIMIZATION_LEVEL = 0;
				GCC_PREPROCESSOR_DEFINITIONS = (
					"DEBUG=1",
					"$(inherited)",
				);
				GCC_WARN_64_TO_32_BIT_CONVERSION = YES;
				GCC_WARN_ABOUT_RETURN_TYPE = YES_ERROR;
				GCC_WARN_UNDECLARED_SELECTOR = YES;
				GCC_WARN_UNINITIALIZED_AUTOS = YES_AGGRESSIVE;
				GCC_WARN_UNUSED_FUNCTION = YES;
				GCC_WARN_UNUSED_VARIABLE = YES;
				MTL_ENABLE_DEBUG_INFO = INCLUDE_SOURCE;
				MTL_FAST_MATH = YES;
				ONLY_ACTIVE_ARCH = YES;
				OTHER_CFLAGS = "";
				OTHER_LDFLAGS = "";
				PRODUCT_NAME = "$(TARGET_NAME)";
			};
			name = "Debug-EE";
		};
		27D055722358F9DF009BB0A1 /* Debug-EE */ = {
			isa = XCBuildConfiguration;
			buildSettings = {
				ALWAYS_SEARCH_USER_PATHS = NO;
				CLANG_ANALYZER_NONNULL = YES;
				CLANG_ANALYZER_NUMBER_OBJECT_CONVERSION = YES_AGGRESSIVE;
				CLANG_CXX_LANGUAGE_STANDARD = "gnu++14";
				CLANG_CXX_LIBRARY = "libc++";
				CLANG_ENABLE_MODULES = YES;
				CLANG_ENABLE_OBJC_ARC = YES;
				CLANG_ENABLE_OBJC_WEAK = YES;
				CLANG_WARN_BLOCK_CAPTURE_AUTORELEASING = YES;
				CLANG_WARN_BOOL_CONVERSION = YES;
				CLANG_WARN_COMMA = YES;
				CLANG_WARN_CONSTANT_CONVERSION = YES;
				CLANG_WARN_DEPRECATED_OBJC_IMPLEMENTATIONS = YES;
				CLANG_WARN_DIRECT_OBJC_ISA_USAGE = YES_ERROR;
				CLANG_WARN_DOCUMENTATION_COMMENTS = YES;
				CLANG_WARN_EMPTY_BODY = YES;
				CLANG_WARN_ENUM_CONVERSION = YES;
				CLANG_WARN_INFINITE_RECURSION = YES;
				CLANG_WARN_INT_CONVERSION = YES;
				CLANG_WARN_NON_LITERAL_NULL_CONVERSION = YES;
				CLANG_WARN_OBJC_IMPLICIT_RETAIN_SELF = YES;
				CLANG_WARN_OBJC_LITERAL_CONVERSION = YES;
				CLANG_WARN_OBJC_ROOT_CLASS = YES_ERROR;
				CLANG_WARN_RANGE_LOOP_ANALYSIS = YES;
				CLANG_WARN_STRICT_PROTOTYPES = YES;
				CLANG_WARN_SUSPICIOUS_MOVE = YES;
				CLANG_WARN_UNGUARDED_AVAILABILITY = YES_AGGRESSIVE;
				CLANG_WARN_UNREACHABLE_CODE = YES;
				CLANG_WARN__DUPLICATE_METHOD_MATCH = YES;
				CODE_SIGN_STYLE = Automatic;
				COPY_PHASE_STRIP = NO;
				DEBUGGING_SYMBOLS = YES;
				DEBUG_INFORMATION_FORMAT = dwarf;
				DEVELOPMENT_TEAM = N2Q372V7W2;
				ENABLE_STRICT_OBJC_MSGSEND = YES;
				ENABLE_TESTABILITY = YES;
				GCC_C_LANGUAGE_STANDARD = gnu11;
				GCC_DYNAMIC_NO_PIC = NO;
				GCC_GENERATE_DEBUGGING_SYMBOLS = YES;
				GCC_NO_COMMON_BLOCKS = YES;
				GCC_OPTIMIZATION_LEVEL = 0;
				GCC_PREPROCESSOR_DEFINITIONS = (
					"DEBUG=1",
					"$(inherited)",
				);
				GCC_WARN_64_TO_32_BIT_CONVERSION = YES;
				GCC_WARN_ABOUT_RETURN_TYPE = YES_ERROR;
				GCC_WARN_UNDECLARED_SELECTOR = YES;
				GCC_WARN_UNINITIALIZED_AUTOS = YES_AGGRESSIVE;
				GCC_WARN_UNUSED_FUNCTION = YES;
				GCC_WARN_UNUSED_VARIABLE = YES;
				MTL_ENABLE_DEBUG_INFO = INCLUDE_SOURCE;
				MTL_FAST_MATH = YES;
				ONLY_ACTIVE_ARCH = YES;
				OTHER_CFLAGS = "";
				OTHER_LDFLAGS = "";
				PRODUCT_NAME = "$(TARGET_NAME)";
			};
			name = "Debug-EE";
		};
		27D055812358F9FA009BB0A1 /* Release-EE */ = {
			isa = XCBuildConfiguration;
			baseConfigurationReference = 27D0558A2358FA67009BB0A1 /* Project_Release_EE.xcconfig */;
			buildSettings = {
			};
			name = "Release-EE";
		};
		27D055822358F9FA009BB0A1 /* Release-EE */ = {
			isa = XCBuildConfiguration;
			baseConfigurationReference = 27B61D8621D6BAB10027CCDB /* CBL_static.xcconfig */;
			buildSettings = {
			};
			name = "Release-EE";
		};
		27D055832358F9FA009BB0A1 /* Release-EE */ = {
			isa = XCBuildConfiguration;
			baseConfigurationReference = 27984E482249AF44000FE777 /* CBL_Dylib_Release.xcconfig */;
			buildSettings = {
				MODULEMAP_FILE = CouchbaseLite.modulemap;
				PRODUCT_MODULE_NAME = CouchbaseLite;
			};
			name = "Release-EE";
		};
		27D055842358F9FA009BB0A1 /* Release-EE */ = {
			isa = XCBuildConfiguration;
			baseConfigurationReference = 27984E492249AF61000FE777 /* CBL_Framework_Release.xcconfig */;
			buildSettings = {
				CODE_SIGN_IDENTITY = "Apple Development";
				DEVELOPMENT_TEAM = N2Q372V7W2;
				ENABLE_HARDENED_RUNTIME = YES;
			};
			name = "Release-EE";
		};
		27D055852358F9FA009BB0A1 /* Release-EE */ = {
			isa = XCBuildConfiguration;
			baseConfigurationReference = 27B61DB021D6E53D0027CCDB /* Tests.xcconfig */;
			buildSettings = {
				ALWAYS_SEARCH_USER_PATHS = NO;
				CLANG_ANALYZER_NONNULL = YES;
				CLANG_ANALYZER_NUMBER_OBJECT_CONVERSION = YES_AGGRESSIVE;
				CLANG_CXX_LANGUAGE_STANDARD = "gnu++14";
				CLANG_ENABLE_MODULES = YES;
				CLANG_ENABLE_OBJC_ARC = YES;
				CLANG_ENABLE_OBJC_WEAK = YES;
				CLANG_WARN_BLOCK_CAPTURE_AUTORELEASING = YES;
				CLANG_WARN_BOOL_CONVERSION = YES;
				CLANG_WARN_COMMA = YES;
				CLANG_WARN_CONSTANT_CONVERSION = YES;
				CLANG_WARN_DEPRECATED_OBJC_IMPLEMENTATIONS = YES;
				CLANG_WARN_DIRECT_OBJC_ISA_USAGE = YES_ERROR;
				CLANG_WARN_DOCUMENTATION_COMMENTS = YES;
				CLANG_WARN_EMPTY_BODY = YES;
				CLANG_WARN_ENUM_CONVERSION = YES;
				CLANG_WARN_INFINITE_RECURSION = YES;
				CLANG_WARN_INT_CONVERSION = YES;
				CLANG_WARN_NON_LITERAL_NULL_CONVERSION = YES;
				CLANG_WARN_OBJC_IMPLICIT_RETAIN_SELF = YES;
				CLANG_WARN_OBJC_LITERAL_CONVERSION = YES;
				CLANG_WARN_OBJC_ROOT_CLASS = YES_ERROR;
				CLANG_WARN_RANGE_LOOP_ANALYSIS = YES;
				CLANG_WARN_STRICT_PROTOTYPES = YES;
				CLANG_WARN_SUSPICIOUS_MOVE = YES;
				CLANG_WARN_UNGUARDED_AVAILABILITY = YES_AGGRESSIVE;
				CLANG_WARN_UNREACHABLE_CODE = YES;
				CLANG_WARN__DUPLICATE_METHOD_MATCH = YES;
				COPY_PHASE_STRIP = NO;
				DEBUG_INFORMATION_FORMAT = "dwarf-with-dsym";
				ENABLE_NS_ASSERTIONS = NO;
				ENABLE_STRICT_OBJC_MSGSEND = YES;
				GCC_C_LANGUAGE_STANDARD = gnu11;
				GCC_NO_COMMON_BLOCKS = YES;
				GCC_WARN_64_TO_32_BIT_CONVERSION = YES;
				GCC_WARN_ABOUT_RETURN_TYPE = YES_ERROR;
				GCC_WARN_UNDECLARED_SELECTOR = YES;
				GCC_WARN_UNINITIALIZED_AUTOS = YES_AGGRESSIVE;
				GCC_WARN_UNUSED_FUNCTION = YES;
				GCC_WARN_UNUSED_VARIABLE = YES;
				MACOSX_DEPLOYMENT_TARGET = 10.14;
				MTL_ENABLE_DEBUG_INFO = NO;
				MTL_FAST_MATH = YES;
				PRODUCT_NAME = "$(TARGET_NAME)";
				SDKROOT = macosx;
			};
			name = "Release-EE";
		};
		27D055862358F9FA009BB0A1 /* Release-EE */ = {
			isa = XCBuildConfiguration;
			baseConfigurationReference = 275B358823481C5200FE9CF0 /* XCTests.xcconfig */;
			buildSettings = {
			};
			name = "Release-EE";
		};
		27D055872358F9FA009BB0A1 /* Release-EE */ = {
			isa = XCBuildConfiguration;
			buildSettings = {
				ALWAYS_SEARCH_USER_PATHS = NO;
				CLANG_ANALYZER_NONNULL = YES;
				CLANG_ANALYZER_NUMBER_OBJECT_CONVERSION = YES_AGGRESSIVE;
				CLANG_CXX_LANGUAGE_STANDARD = "gnu++14";
				CLANG_CXX_LIBRARY = "libc++";
				CLANG_ENABLE_MODULES = YES;
				CLANG_ENABLE_OBJC_ARC = YES;
				CLANG_ENABLE_OBJC_WEAK = YES;
				CLANG_WARN_BLOCK_CAPTURE_AUTORELEASING = YES;
				CLANG_WARN_BOOL_CONVERSION = YES;
				CLANG_WARN_COMMA = YES;
				CLANG_WARN_CONSTANT_CONVERSION = YES;
				CLANG_WARN_DEPRECATED_OBJC_IMPLEMENTATIONS = YES;
				CLANG_WARN_DIRECT_OBJC_ISA_USAGE = YES_ERROR;
				CLANG_WARN_DOCUMENTATION_COMMENTS = YES;
				CLANG_WARN_EMPTY_BODY = YES;
				CLANG_WARN_ENUM_CONVERSION = YES;
				CLANG_WARN_INFINITE_RECURSION = YES;
				CLANG_WARN_INT_CONVERSION = YES;
				CLANG_WARN_NON_LITERAL_NULL_CONVERSION = YES;
				CLANG_WARN_OBJC_IMPLICIT_RETAIN_SELF = YES;
				CLANG_WARN_OBJC_LITERAL_CONVERSION = YES;
				CLANG_WARN_OBJC_ROOT_CLASS = YES_ERROR;
				CLANG_WARN_RANGE_LOOP_ANALYSIS = YES;
				CLANG_WARN_STRICT_PROTOTYPES = YES;
				CLANG_WARN_SUSPICIOUS_MOVE = YES;
				CLANG_WARN_UNGUARDED_AVAILABILITY = YES_AGGRESSIVE;
				CLANG_WARN_UNREACHABLE_CODE = YES;
				CLANG_WARN__DUPLICATE_METHOD_MATCH = YES;
				CODE_SIGN_STYLE = Automatic;
				COPY_PHASE_STRIP = NO;
				DEBUG_INFORMATION_FORMAT = "dwarf-with-dsym";
				DEVELOPMENT_TEAM = N2Q372V7W2;
				ENABLE_NS_ASSERTIONS = NO;
				ENABLE_STRICT_OBJC_MSGSEND = YES;
				GCC_C_LANGUAGE_STANDARD = gnu11;
				GCC_NO_COMMON_BLOCKS = YES;
				GCC_WARN_64_TO_32_BIT_CONVERSION = YES;
				GCC_WARN_ABOUT_RETURN_TYPE = YES_ERROR;
				GCC_WARN_UNDECLARED_SELECTOR = YES;
				GCC_WARN_UNINITIALIZED_AUTOS = YES_AGGRESSIVE;
				GCC_WARN_UNUSED_FUNCTION = YES;
				GCC_WARN_UNUSED_VARIABLE = YES;
				MTL_ENABLE_DEBUG_INFO = NO;
				MTL_FAST_MATH = YES;
				OTHER_CFLAGS = "";
				OTHER_LDFLAGS = "";
				PRODUCT_NAME = "$(TARGET_NAME)";
			};
			name = "Release-EE";
		};
		27D055882358F9FA009BB0A1 /* Release-EE */ = {
			isa = XCBuildConfiguration;
			buildSettings = {
				ALWAYS_SEARCH_USER_PATHS = NO;
				CLANG_ANALYZER_NONNULL = YES;
				CLANG_ANALYZER_NUMBER_OBJECT_CONVERSION = YES_AGGRESSIVE;
				CLANG_CXX_LANGUAGE_STANDARD = "gnu++14";
				CLANG_CXX_LIBRARY = "libc++";
				CLANG_ENABLE_MODULES = YES;
				CLANG_ENABLE_OBJC_ARC = YES;
				CLANG_ENABLE_OBJC_WEAK = YES;
				CLANG_WARN_BLOCK_CAPTURE_AUTORELEASING = YES;
				CLANG_WARN_BOOL_CONVERSION = YES;
				CLANG_WARN_COMMA = YES;
				CLANG_WARN_CONSTANT_CONVERSION = YES;
				CLANG_WARN_DEPRECATED_OBJC_IMPLEMENTATIONS = YES;
				CLANG_WARN_DIRECT_OBJC_ISA_USAGE = YES_ERROR;
				CLANG_WARN_DOCUMENTATION_COMMENTS = YES;
				CLANG_WARN_EMPTY_BODY = YES;
				CLANG_WARN_ENUM_CONVERSION = YES;
				CLANG_WARN_INFINITE_RECURSION = YES;
				CLANG_WARN_INT_CONVERSION = YES;
				CLANG_WARN_NON_LITERAL_NULL_CONVERSION = YES;
				CLANG_WARN_OBJC_IMPLICIT_RETAIN_SELF = YES;
				CLANG_WARN_OBJC_LITERAL_CONVERSION = YES;
				CLANG_WARN_OBJC_ROOT_CLASS = YES_ERROR;
				CLANG_WARN_RANGE_LOOP_ANALYSIS = YES;
				CLANG_WARN_STRICT_PROTOTYPES = YES;
				CLANG_WARN_SUSPICIOUS_MOVE = YES;
				CLANG_WARN_UNGUARDED_AVAILABILITY = YES_AGGRESSIVE;
				CLANG_WARN_UNREACHABLE_CODE = YES;
				CLANG_WARN__DUPLICATE_METHOD_MATCH = YES;
				CODE_SIGN_STYLE = Automatic;
				COPY_PHASE_STRIP = NO;
				DEBUG_INFORMATION_FORMAT = "dwarf-with-dsym";
				DEVELOPMENT_TEAM = N2Q372V7W2;
				ENABLE_NS_ASSERTIONS = NO;
				ENABLE_STRICT_OBJC_MSGSEND = YES;
				GCC_C_LANGUAGE_STANDARD = gnu11;
				GCC_NO_COMMON_BLOCKS = YES;
				GCC_WARN_64_TO_32_BIT_CONVERSION = YES;
				GCC_WARN_ABOUT_RETURN_TYPE = YES_ERROR;
				GCC_WARN_UNDECLARED_SELECTOR = YES;
				GCC_WARN_UNINITIALIZED_AUTOS = YES_AGGRESSIVE;
				GCC_WARN_UNUSED_FUNCTION = YES;
				GCC_WARN_UNUSED_VARIABLE = YES;
				MTL_ENABLE_DEBUG_INFO = NO;
				MTL_FAST_MATH = YES;
				OTHER_CFLAGS = "";
				OTHER_LDFLAGS = "";
				PRODUCT_NAME = "$(TARGET_NAME)";
			};
			name = "Release-EE";
		};
/* End XCBuildConfiguration section */

/* Begin XCConfigurationList section */
		271C2A1E21CAC8920045856E /* Build configuration list for PBXProject "CBL_C" */ = {
			isa = XCConfigurationList;
			buildConfigurations = (
				271C2A2521CAC8920045856E /* Debug */,
				27D0556B2358F9DF009BB0A1 /* Debug-EE */,
				271C2A2621CAC8920045856E /* Release */,
				27D055812358F9FA009BB0A1 /* Release-EE */,
			);
			defaultConfigurationIsVisible = 0;
			defaultConfigurationName = Release;
		};
		271C2A2721CAC8920045856E /* Build configuration list for PBXNativeTarget "CBL_C" */ = {
			isa = XCConfigurationList;
			buildConfigurations = (
				271C2A2821CAC8920045856E /* Debug */,
				27D0556C2358F9DF009BB0A1 /* Debug-EE */,
				271C2A2921CAC8920045856E /* Release */,
				27D055822358F9FA009BB0A1 /* Release-EE */,
			);
			defaultConfigurationIsVisible = 0;
			defaultConfigurationName = Release;
		};
		272F012B2279037600E62F72 /* Build configuration list for PBXLegacyTarget "Doxygen" */ = {
			isa = XCConfigurationList;
			buildConfigurations = (
				272F012C2279037600E62F72 /* Debug */,
				27D055712358F9DF009BB0A1 /* Debug-EE */,
				272F012D2279037600E62F72 /* Release */,
				27D055872358F9FA009BB0A1 /* Release-EE */,
			);
			defaultConfigurationIsVisible = 0;
			defaultConfigurationName = Release;
		};
		275B3584234812C800FE9CF0 /* Build configuration list for PBXNativeTarget "CouchbaseLiteTests" */ = {
			isa = XCConfigurationList;
			buildConfigurations = (
				275B3585234812C800FE9CF0 /* Debug */,
				27D055702358F9DF009BB0A1 /* Debug-EE */,
				275B3586234812C800FE9CF0 /* Release */,
				27D055862358F9FA009BB0A1 /* Release-EE */,
			);
			defaultConfigurationIsVisible = 0;
			defaultConfigurationName = Release;
		};
		2779ED5222E287FB0026ACD0 /* Build configuration list for PBXLegacyTarget "Python" */ = {
			isa = XCConfigurationList;
			buildConfigurations = (
				2779ED5322E287FB0026ACD0 /* Debug */,
				27D055722358F9DF009BB0A1 /* Debug-EE */,
				2779ED5422E287FB0026ACD0 /* Release */,
				27D055882358F9FA009BB0A1 /* Release-EE */,
			);
			defaultConfigurationIsVisible = 0;
			defaultConfigurationName = Release;
		};
		27984E1B2249A127000FE777 /* Build configuration list for PBXNativeTarget "CBL_C Framework" */ = {
			isa = XCConfigurationList;
			buildConfigurations = (
				27984E1C2249A127000FE777 /* Debug */,
				27D0556E2358F9DF009BB0A1 /* Debug-EE */,
				27984E1D2249A127000FE777 /* Release */,
				27D055842358F9FA009BB0A1 /* Release-EE */,
			);
			defaultConfigurationIsVisible = 0;
			defaultConfigurationName = Release;
		};
		27B61D7821D6B64A0027CCDB /* Build configuration list for PBXNativeTarget "CBL_C Dylib" */ = {
			isa = XCConfigurationList;
			buildConfigurations = (
				27B61D7921D6B64A0027CCDB /* Debug */,
				27D0556D2358F9DF009BB0A1 /* Debug-EE */,
				27B61D7A21D6B64A0027CCDB /* Release */,
				27D055832358F9FA009BB0A1 /* Release-EE */,
			);
			defaultConfigurationIsVisible = 0;
			defaultConfigurationName = Release;
		};
		27B61DAC21D6E49D0027CCDB /* Build configuration list for PBXNativeTarget "CBL_Tests" */ = {
			isa = XCConfigurationList;
			buildConfigurations = (
				27B61DAD21D6E49D0027CCDB /* Debug */,
				27D0556F2358F9DF009BB0A1 /* Debug-EE */,
				27B61DAE21D6E49D0027CCDB /* Release */,
				27D055852358F9FA009BB0A1 /* Release-EE */,
			);
			defaultConfigurationIsVisible = 0;
			defaultConfigurationName = Release;
		};
/* End XCConfigurationList section */
	};
	rootObject = 271C2A1B21CAC8920045856E /* Project object */;
}
