// !$*UTF8*$!
{
	archiveVersion = 1;
	classes = {
	};
	objectVersion = 51;
	objects = {

/* Begin PBXBuildFile section */
		271C2A3121CAC98F0045856E /* CBLReplicator.h in Headers */ = {isa = PBXBuildFile; fileRef = 271C2A2C21CAC98F0045856E /* CBLReplicator.h */; };
		271C2A3221CAC98F0045856E /* CBLBase.h in Headers */ = {isa = PBXBuildFile; fileRef = 271C2A2D21CAC98F0045856E /* CBLBase.h */; };
		271C2A3321CAC98F0045856E /* CBLDocument.h in Headers */ = {isa = PBXBuildFile; fileRef = 271C2A2E21CAC98F0045856E /* CBLDocument.h */; };
		271C2A3421CAC98F0045856E /* CBLDatabase.h in Headers */ = {isa = PBXBuildFile; fileRef = 271C2A2F21CAC98F0045856E /* CBLDatabase.h */; };
		271C2A3521CAC98F0045856E /* CBLQuery.h in Headers */ = {isa = PBXBuildFile; fileRef = 271C2A3021CAC98F0045856E /* CBLQuery.h */; };
		271C2A6F21CAD5B30045856E /* CBLBase.cc in Sources */ = {isa = PBXBuildFile; fileRef = 271C2A6E21CAD5B30045856E /* CBLBase.cc */; };
		271C2A7221CADB170045856E /* CBLDatabase.cc in Sources */ = {isa = PBXBuildFile; fileRef = 271C2A7121CADB170045856E /* CBLDatabase.cc */; };
		271C2A7521CC4BD60045856E /* Util.hh in Headers */ = {isa = PBXBuildFile; fileRef = 271C2A7321CC4BD60045856E /* Util.hh */; };
		271C2A7621CC4BD60045856E /* Util.cc in Sources */ = {isa = PBXBuildFile; fileRef = 271C2A7421CC4BD60045856E /* Util.cc */; };
		271C2A7821CC750E0045856E /* CBLDocument.cc in Sources */ = {isa = PBXBuildFile; fileRef = 271C2A7721CC750E0045856E /* CBLDocument.cc */; };
		27B61D5621D5ABA60027CCDB /* CBLQuery.cc in Sources */ = {isa = PBXBuildFile; fileRef = 27B61D5521D5ABA60027CCDB /* CBLQuery.cc */; };
		27B61D6A21D6B60D0027CCDB /* CBLTest.hh in Headers */ = {isa = PBXBuildFile; fileRef = 27B61D6821D6B60D0027CCDB /* CBLTest.hh */; };
		27B61D7D21D6B66F0027CCDB /* libcouchbase_lite.a in Frameworks */ = {isa = PBXBuildFile; fileRef = 271C2A2321CAC8920045856E /* libcouchbase_lite.a */; };
		27B61D7F21D6B6900027CCDB /* dylib_main.cc in Sources */ = {isa = PBXBuildFile; fileRef = 27B61D7E21D6B6900027CCDB /* dylib_main.cc */; };
		27B61D8221D6B8230027CCDB /* libz.tbd in Frameworks */ = {isa = PBXBuildFile; fileRef = 27B61D8121D6B8230027CCDB /* libz.tbd */; };
		27B61DAF21D6E4B70027CCDB /* CBLTest.cc in Sources */ = {isa = PBXBuildFile; fileRef = 27B61D6921D6B60D0027CCDB /* CBLTest.cc */; };
		27B61DB521D6EBDD0027CCDB /* libcouchbase_lite.dylib in Frameworks */ = {isa = PBXBuildFile; fileRef = 27B61D7021D6B64A0027CCDB /* libcouchbase_lite.dylib */; };
		27B61DB921D6ECA70027CCDB /* DatabaseTest.cc in Sources */ = {isa = PBXBuildFile; fileRef = 27B61DB821D6ECA70027CCDB /* DatabaseTest.cc */; };
		27B61DBB21D6FF2D0027CCDB /* libfleeceBase.a in Frameworks */ = {isa = PBXBuildFile; fileRef = 27B61DBA21D6FF2D0027CCDB /* libfleeceBase.a */; };
		27B61DBC21D7075C0027CCDB /* libLiteCore-static.a in Frameworks */ = {isa = PBXBuildFile; fileRef = 271C2A4F21CAD5950045856E /* libLiteCore-static.a */; };
/* End PBXBuildFile section */

/* Begin PBXContainerItemProxy section */
		271C2A4E21CAD5950045856E /* PBXContainerItemProxy */ = {
			isa = PBXContainerItemProxy;
			containerPortal = 271C2A3821CAD5950045856E /* LiteCore.xcodeproj */;
			proxyType = 2;
			remoteGlobalIDString = 27EF81121917EEC600A327B9;
			remoteInfo = "LiteCore static";
		};
		271C2A5021CAD5950045856E /* PBXContainerItemProxy */ = {
			isa = PBXContainerItemProxy;
			containerPortal = 271C2A3821CAD5950045856E /* LiteCore.xcodeproj */;
			proxyType = 2;
			remoteGlobalIDString = 720EA3F51BA7EAD9002B8416;
			remoteInfo = "LiteCore dylib";
		};
		271C2A5221CAD5950045856E /* PBXContainerItemProxy */ = {
			isa = PBXContainerItemProxy;
			containerPortal = 271C2A3821CAD5950045856E /* LiteCore.xcodeproj */;
			proxyType = 2;
			remoteGlobalIDString = 27B64934206971FB00FC12F7;
			remoteInfo = "LiteCore framework";
		};
		271C2A5421CAD5950045856E /* PBXContainerItemProxy */ = {
			isa = PBXContainerItemProxy;
			containerPortal = 271C2A3821CAD5950045856E /* LiteCore.xcodeproj */;
			proxyType = 2;
			remoteGlobalIDString = 27FC81E81EAAB0D90028E38E;
			remoteInfo = "LiteCoreREST static";
		};
		271C2A5621CAD5950045856E /* PBXContainerItemProxy */ = {
			isa = PBXContainerItemProxy;
			containerPortal = 271C2A3821CAD5950045856E /* LiteCore.xcodeproj */;
			proxyType = 2;
			remoteGlobalIDString = 279D410E1EA5558100D8DD9D;
			remoteInfo = "LiteCoreREST dylib";
		};
		271C2A5821CAD5950045856E /* PBXContainerItemProxy */ = {
			isa = PBXContainerItemProxy;
			containerPortal = 271C2A3821CAD5950045856E /* LiteCore.xcodeproj */;
			proxyType = 2;
			remoteGlobalIDString = 279691631ED4B29E0086565D;
			remoteInfo = Support;
		};
		271C2A5A21CAD5950045856E /* PBXContainerItemProxy */ = {
			isa = PBXContainerItemProxy;
			containerPortal = 271C2A3821CAD5950045856E /* LiteCore.xcodeproj */;
			proxyType = 2;
			remoteGlobalIDString = 2708FE521CF4CC880022F721;
			remoteInfo = LiteCoreCppTests;
		};
		271C2A5C21CAD5950045856E /* PBXContainerItemProxy */ = {
			isa = PBXContainerItemProxy;
			containerPortal = 271C2A3821CAD5950045856E /* LiteCore.xcodeproj */;
			proxyType = 2;
			remoteGlobalIDString = 274D04081BA75E1C00FF7C35;
			remoteInfo = C4Tests;
		};
		271C2A5E21CAD5950045856E /* PBXContainerItemProxy */ = {
			isa = PBXContainerItemProxy;
			containerPortal = 271C2A3821CAD5950045856E /* LiteCore.xcodeproj */;
			proxyType = 2;
			remoteGlobalIDString = 274D03D31BA732B000FF7C35;
			remoteInfo = LiteCoreJNI;
		};
		271C2A6021CAD5950045856E /* PBXContainerItemProxy */ = {
			isa = PBXContainerItemProxy;
			containerPortal = 271C2A3821CAD5950045856E /* LiteCore.xcodeproj */;
			proxyType = 2;
			remoteGlobalIDString = 27DF7D631F4236500022F3DF;
			remoteInfo = SQLite;
		};
		271C2A6221CAD5950045856E /* PBXContainerItemProxy */ = {
			isa = PBXContainerItemProxy;
			containerPortal = 271C2A3821CAD5950045856E /* LiteCore.xcodeproj */;
			proxyType = 2;
			remoteGlobalIDString = 27EF807419142C2500A327B9;
			remoteInfo = Tokenizer;
		};
		271C2A6421CAD5950045856E /* PBXContainerItemProxy */ = {
			isa = PBXContainerItemProxy;
			containerPortal = 271C2A3821CAD5950045856E /* LiteCore.xcodeproj */;
			proxyType = 2;
			remoteGlobalIDString = 279D40FE1EA54A9D00D8DD9D;
			remoteInfo = civetweb;
		};
		271C2A6621CAD5950045856E /* PBXContainerItemProxy */ = {
			isa = PBXContainerItemProxy;
			containerPortal = 271C2A3821CAD5950045856E /* LiteCore.xcodeproj */;
			proxyType = 2;
			remoteGlobalIDString = 27139B3018F8E9750021A9A3;
			remoteInfo = "LiteCore XCTests";
		};
		271C2A6821CAD5950045856E /* PBXContainerItemProxy */ = {
			isa = PBXContainerItemProxy;
			containerPortal = 271C2A3821CAD5950045856E /* LiteCore.xcodeproj */;
			proxyType = 2;
			remoteGlobalIDString = 27A924941D9B316D00086206;
			remoteInfo = "LiteCore-iOS";
		};
		271C2A6A21CAD5950045856E /* PBXContainerItemProxy */ = {
			isa = PBXContainerItemProxy;
			containerPortal = 271C2A3821CAD5950045856E /* LiteCore.xcodeproj */;
			proxyType = 2;
			remoteGlobalIDString = 93FA3F481EE21A4D00D15CF5;
			remoteInfo = "LiteCoreServ-iOS";
		};
		271C2A6C21CAD5950045856E /* PBXContainerItemProxy */ = {
			isa = PBXContainerItemProxy;
			containerPortal = 271C2A3821CAD5950045856E /* LiteCore.xcodeproj */;
			proxyType = 2;
			remoteGlobalIDString = 27A924AC1D9B316D00086206;
			remoteInfo = "LiteCore-iOS Tests";
		};
		271C2A7A21CC86E10045856E /* PBXContainerItemProxy */ = {
			isa = PBXContainerItemProxy;
			containerPortal = 271C2A3821CAD5950045856E /* LiteCore.xcodeproj */;
			proxyType = 1;
			remoteGlobalIDString = 27EF80F91917EEC600A327B9;
			remoteInfo = "LiteCore static";
		};
		27B61D7B21D6B6680027CCDB /* PBXContainerItemProxy */ = {
			isa = PBXContainerItemProxy;
			containerPortal = 271C2A1B21CAC8920045856E /* Project object */;
			proxyType = 1;
			remoteGlobalIDString = 271C2A2221CAC8920045856E;
			remoteInfo = CBL_C;
		};
		27B61DB621D6EBE00027CCDB /* PBXContainerItemProxy */ = {
			isa = PBXContainerItemProxy;
			containerPortal = 271C2A1B21CAC8920045856E /* Project object */;
			proxyType = 1;
			remoteGlobalIDString = 27B61D6F21D6B64A0027CCDB;
			remoteInfo = "CBL_C Dylib";
		};
		27B61DBD21D707910027CCDB /* PBXContainerItemProxy */ = {
			isa = PBXContainerItemProxy;
			containerPortal = 271C2A3821CAD5950045856E /* LiteCore.xcodeproj */;
			proxyType = 1;
			remoteGlobalIDString = 27EF80F91917EEC600A327B9;
			remoteInfo = "LiteCore static";
		};
/* End PBXContainerItemProxy section */

/* Begin PBXCopyFilesBuildPhase section */
		27B61DA621D6E49D0027CCDB /* CopyFiles */ = {
			isa = PBXCopyFilesBuildPhase;
			buildActionMask = 2147483647;
			dstPath = /usr/share/man/man1/;
			dstSubfolderSpec = 0;
			files = (
			);
			runOnlyForDeploymentPostprocessing = 1;
		};
/* End PBXCopyFilesBuildPhase section */

/* Begin PBXFileReference section */
		271C2A2321CAC8920045856E /* libcouchbase_lite.a */ = {isa = PBXFileReference; explicitFileType = archive.ar; includeInIndex = 0; path = libcouchbase_lite.a; sourceTree = BUILT_PRODUCTS_DIR; };
		271C2A2C21CAC98F0045856E /* CBLReplicator.h */ = {isa = PBXFileReference; fileEncoding = 4; lastKnownFileType = sourcecode.c.h; path = CBLReplicator.h; sourceTree = "<group>"; };
		271C2A2D21CAC98F0045856E /* CBLBase.h */ = {isa = PBXFileReference; fileEncoding = 4; lastKnownFileType = sourcecode.c.h; path = CBLBase.h; sourceTree = "<group>"; };
		271C2A2E21CAC98F0045856E /* CBLDocument.h */ = {isa = PBXFileReference; fileEncoding = 4; lastKnownFileType = sourcecode.c.h; path = CBLDocument.h; sourceTree = "<group>"; };
		271C2A2F21CAC98F0045856E /* CBLDatabase.h */ = {isa = PBXFileReference; fileEncoding = 4; lastKnownFileType = sourcecode.c.h; path = CBLDatabase.h; sourceTree = "<group>"; };
		271C2A3021CAC98F0045856E /* CBLQuery.h */ = {isa = PBXFileReference; fileEncoding = 4; lastKnownFileType = sourcecode.c.h; path = CBLQuery.h; sourceTree = "<group>"; };
		271C2A3821CAD5950045856E /* LiteCore.xcodeproj */ = {isa = PBXFileReference; lastKnownFileType = "wrapper.pb-project"; name = LiteCore.xcodeproj; path = "couchbase-lite-core/Xcode/LiteCore.xcodeproj"; sourceTree = "<group>"; };
		271C2A6E21CAD5B30045856E /* CBLBase.cc */ = {isa = PBXFileReference; lastKnownFileType = sourcecode.cpp.cpp; path = CBLBase.cc; sourceTree = "<group>"; };
		271C2A7021CAD6440045856E /* CBL_Compat.h */ = {isa = PBXFileReference; lastKnownFileType = sourcecode.c.h; path = CBL_Compat.h; sourceTree = "<group>"; };
		271C2A7121CADB170045856E /* CBLDatabase.cc */ = {isa = PBXFileReference; lastKnownFileType = sourcecode.cpp.cpp; path = CBLDatabase.cc; sourceTree = "<group>"; };
		271C2A7321CC4BD60045856E /* Util.hh */ = {isa = PBXFileReference; lastKnownFileType = sourcecode.cpp.h; path = Util.hh; sourceTree = "<group>"; };
		271C2A7421CC4BD60045856E /* Util.cc */ = {isa = PBXFileReference; lastKnownFileType = sourcecode.cpp.cpp; path = Util.cc; sourceTree = "<group>"; };
		271C2A7721CC750E0045856E /* CBLDocument.cc */ = {isa = PBXFileReference; lastKnownFileType = sourcecode.cpp.cpp; path = CBLDocument.cc; sourceTree = "<group>"; };
		271C2A7921CC756A0045856E /* Internal.hh */ = {isa = PBXFileReference; lastKnownFileType = sourcecode.cpp.h; path = Internal.hh; sourceTree = "<group>"; };
		27B61D5521D5ABA60027CCDB /* CBLQuery.cc */ = {isa = PBXFileReference; lastKnownFileType = sourcecode.cpp.cpp; path = CBLQuery.cc; sourceTree = "<group>"; };
		27B61D6821D6B60D0027CCDB /* CBLTest.hh */ = {isa = PBXFileReference; lastKnownFileType = sourcecode.cpp.h; path = CBLTest.hh; sourceTree = "<group>"; };
		27B61D6921D6B60D0027CCDB /* CBLTest.cc */ = {isa = PBXFileReference; lastKnownFileType = sourcecode.cpp.cpp; path = CBLTest.cc; sourceTree = "<group>"; };
		27B61D7021D6B64A0027CCDB /* libcouchbase_lite.dylib */ = {isa = PBXFileReference; explicitFileType = "compiled.mach-o.dylib"; includeInIndex = 0; path = libcouchbase_lite.dylib; sourceTree = BUILT_PRODUCTS_DIR; };
		27B61D7E21D6B6900027CCDB /* dylib_main.cc */ = {isa = PBXFileReference; lastKnownFileType = sourcecode.cpp.cpp; path = dylib_main.cc; sourceTree = "<group>"; };
		27B61D8021D6B7400027CCDB /* CBL.exp */ = {isa = PBXFileReference; lastKnownFileType = sourcecode.exports; path = CBL.exp; sourceTree = "<group>"; };
		27B61D8121D6B8230027CCDB /* libz.tbd */ = {isa = PBXFileReference; lastKnownFileType = "sourcecode.text-based-dylib-definition"; name = libz.tbd; path = usr/lib/libz.tbd; sourceTree = SDKROOT; };
		27B61D8521D6BA2A0027CCDB /* Project.xcconfig */ = {isa = PBXFileReference; lastKnownFileType = text.xcconfig; path = Project.xcconfig; sourceTree = "<group>"; };
		27B61D8621D6BAB10027CCDB /* CBL_static.xcconfig */ = {isa = PBXFileReference; lastKnownFileType = text.xcconfig; path = CBL_static.xcconfig; sourceTree = "<group>"; };
		27B61D8721D6BAB10027CCDB /* Project_Release.xcconfig */ = {isa = PBXFileReference; lastKnownFileType = text.xcconfig; path = Project_Release.xcconfig; sourceTree = "<group>"; };
		27B61D8821D6BAB10027CCDB /* CBL_dylib.xcconfig */ = {isa = PBXFileReference; lastKnownFileType = text.xcconfig; path = CBL_dylib.xcconfig; sourceTree = "<group>"; };
		27B61D8921D6BAB10027CCDB /* Project_Debug.xcconfig */ = {isa = PBXFileReference; lastKnownFileType = text.xcconfig; path = Project_Debug.xcconfig; sourceTree = "<group>"; };
		27B61DA321D6E40D0027CCDB /* CouchbaseLite.h */ = {isa = PBXFileReference; lastKnownFileType = sourcecode.c.h; path = CouchbaseLite.h; sourceTree = "<group>"; };
		27B61DA821D6E49D0027CCDB /* CBL_Tests */ = {isa = PBXFileReference; explicitFileType = "compiled.mach-o.executable"; includeInIndex = 0; path = CBL_Tests; sourceTree = BUILT_PRODUCTS_DIR; };
		27B61DB021D6E53D0027CCDB /* Tests.xcconfig */ = {isa = PBXFileReference; lastKnownFileType = text.xcconfig; path = Tests.xcconfig; sourceTree = "<group>"; };
		27B61DB821D6ECA70027CCDB /* DatabaseTest.cc */ = {isa = PBXFileReference; lastKnownFileType = sourcecode.cpp.cpp; path = DatabaseTest.cc; sourceTree = "<group>"; };
		27B61DBA21D6FF2D0027CCDB /* libfleeceBase.a */ = {isa = PBXFileReference; explicitFileType = archive.ar; path = libfleeceBase.a; sourceTree = BUILT_PRODUCTS_DIR; };
		27B61DBF21DD33930027CCDB /* Doxyfile */ = {isa = PBXFileReference; lastKnownFileType = text; path = Doxyfile; sourceTree = "<group>"; };
/* End PBXFileReference section */

/* Begin PBXFrameworksBuildPhase section */
		271C2A2121CAC8920045856E /* Frameworks */ = {
			isa = PBXFrameworksBuildPhase;
			buildActionMask = 2147483647;
			files = (
			);
			runOnlyForDeploymentPostprocessing = 0;
		};
		27B61D6E21D6B64A0027CCDB /* Frameworks */ = {
			isa = PBXFrameworksBuildPhase;
			buildActionMask = 2147483647;
			files = (
				27B61D7D21D6B66F0027CCDB /* libcouchbase_lite.a in Frameworks */,
				27B61DBC21D7075C0027CCDB /* libLiteCore-static.a in Frameworks */,
				27B61D8221D6B8230027CCDB /* libz.tbd in Frameworks */,
			);
			runOnlyForDeploymentPostprocessing = 0;
		};
		27B61DA521D6E49D0027CCDB /* Frameworks */ = {
			isa = PBXFrameworksBuildPhase;
			buildActionMask = 2147483647;
			files = (
				27B61DBB21D6FF2D0027CCDB /* libfleeceBase.a in Frameworks */,
				27B61DB521D6EBDD0027CCDB /* libcouchbase_lite.dylib in Frameworks */,
			);
			runOnlyForDeploymentPostprocessing = 0;
		};
/* End PBXFrameworksBuildPhase section */

/* Begin PBXGroup section */
		271C2A1A21CAC8920045856E = {
			isa = PBXGroup;
			children = (
				27B61DBF21DD33930027CCDB /* Doxyfile */,
				271C2A2A21CAC93B0045856E /* include */,
				271C2A3621CAC9A50045856E /* src */,
				27B61D6721D6B5DA0027CCDB /* test */,
				27B61D8321D6B9F60027CCDB /* Xcode */,
				271C2A3721CAC9B50045856E /* vendor */,
				271C2A2421CAC8920045856E /* Products */,
				271C2A7C21CC86EB0045856E /* Frameworks */,
			);
			sourceTree = "<group>";
		};
		271C2A2421CAC8920045856E /* Products */ = {
			isa = PBXGroup;
			children = (
				271C2A2321CAC8920045856E /* libcouchbase_lite.a */,
				27B61D7021D6B64A0027CCDB /* libcouchbase_lite.dylib */,
				27B61DA821D6E49D0027CCDB /* CBL_Tests */,
			);
			name = Products;
			sourceTree = "<group>";
		};
		271C2A2A21CAC93B0045856E /* include */ = {
			isa = PBXGroup;
			children = (
				271C2A2B21CAC93B0045856E /* cbl */,
			);
			path = include;
			sourceTree = "<group>";
		};
		271C2A2B21CAC93B0045856E /* cbl */ = {
			isa = PBXGroup;
			children = (
				271C2A2D21CAC98F0045856E /* CBLBase.h */,
				271C2A2F21CAC98F0045856E /* CBLDatabase.h */,
				271C2A2E21CAC98F0045856E /* CBLDocument.h */,
				271C2A3021CAC98F0045856E /* CBLQuery.h */,
				271C2A2C21CAC98F0045856E /* CBLReplicator.h */,
				271C2A7021CAD6440045856E /* CBL_Compat.h */,
				27B61DA321D6E40D0027CCDB /* CouchbaseLite.h */,
			);
			path = cbl;
			sourceTree = "<group>";
		};
		271C2A3621CAC9A50045856E /* src */ = {
			isa = PBXGroup;
			children = (
				271C2A6E21CAD5B30045856E /* CBLBase.cc */,
				271C2A7121CADB170045856E /* CBLDatabase.cc */,
				271C2A7721CC750E0045856E /* CBLDocument.cc */,
				27B61D5521D5ABA60027CCDB /* CBLQuery.cc */,
				271C2A7921CC756A0045856E /* Internal.hh */,
				271C2A7321CC4BD60045856E /* Util.hh */,
				271C2A7421CC4BD60045856E /* Util.cc */,
				27B61D7E21D6B6900027CCDB /* dylib_main.cc */,
				27B61D8021D6B7400027CCDB /* CBL.exp */,
			);
			path = src;
			sourceTree = "<group>";
		};
		271C2A3721CAC9B50045856E /* vendor */ = {
			isa = PBXGroup;
			children = (
				271C2A3821CAD5950045856E /* LiteCore.xcodeproj */,
			);
			path = vendor;
			sourceTree = "<group>";
		};
		271C2A3921CAD5950045856E /* Products */ = {
			isa = PBXGroup;
			children = (
				271C2A4F21CAD5950045856E /* libLiteCore-static.a */,
				271C2A5121CAD5950045856E /* libLiteCore.dylib */,
				271C2A5321CAD5950045856E /* LiteCore.framework */,
				271C2A5521CAD5950045856E /* libLiteCoreREST-static.a */,
				271C2A5721CAD5950045856E /* libLiteCoreREST.dylib */,
				271C2A5921CAD5950045856E /* libSupport.a */,
				271C2A5B21CAD5950045856E /* LiteCoreCppTests */,
				271C2A5D21CAD5950045856E /* C4Tests */,
				271C2A5F21CAD5950045856E /* libLiteCoreJNI.dylib */,
				271C2A6121CAD5950045856E /* libSQLite.a */,
				271C2A6321CAD5950045856E /* libTokenizer.a */,
				271C2A6521CAD5950045856E /* libcivetweb.a */,
				271C2A6721CAD5950045856E /* LiteCore Tests.xctest */,
				271C2A6921CAD5950045856E /* LiteCore-iOS.app */,
				271C2A6B21CAD5950045856E /* LiteCoreServ-iOS.app */,
				271C2A6D21CAD5950045856E /* LiteCore-iOS Tests.xctest */,
			);
			name = Products;
			sourceTree = "<group>";
		};
		271C2A7C21CC86EB0045856E /* Frameworks */ = {
			isa = PBXGroup;
			children = (
				27B61DBA21D6FF2D0027CCDB /* libfleeceBase.a */,
				27B61D8121D6B8230027CCDB /* libz.tbd */,
			);
			name = Frameworks;
			sourceTree = "<group>";
		};
		27B61D6721D6B5DA0027CCDB /* test */ = {
			isa = PBXGroup;
			children = (
				27B61D6821D6B60D0027CCDB /* CBLTest.hh */,
				27B61D6921D6B60D0027CCDB /* CBLTest.cc */,
				27B61DB821D6ECA70027CCDB /* DatabaseTest.cc */,
			);
			path = test;
			sourceTree = "<group>";
		};
		27B61D8321D6B9F60027CCDB /* Xcode */ = {
			isa = PBXGroup;
			children = (
				27B61D8421D6BA060027CCDB /* xcconfigs */,
			);
			path = Xcode;
			sourceTree = "<group>";
		};
		27B61D8421D6BA060027CCDB /* xcconfigs */ = {
			isa = PBXGroup;
			children = (
				27B61D8821D6BAB10027CCDB /* CBL_dylib.xcconfig */,
				27B61D8621D6BAB10027CCDB /* CBL_static.xcconfig */,
				27B61DB021D6E53D0027CCDB /* Tests.xcconfig */,
				27B61D8521D6BA2A0027CCDB /* Project.xcconfig */,
				27B61D8921D6BAB10027CCDB /* Project_Debug.xcconfig */,
				27B61D8721D6BAB10027CCDB /* Project_Release.xcconfig */,
			);
			path = xcconfigs;
			sourceTree = "<group>";
		};
/* End PBXGroup section */

/* Begin PBXHeadersBuildPhase section */
		271C2A1F21CAC8920045856E /* Headers */ = {
			isa = PBXHeadersBuildPhase;
			buildActionMask = 2147483647;
			files = (
				271C2A3321CAC98F0045856E /* CBLDocument.h in Headers */,
				27B61D6A21D6B60D0027CCDB /* CBLTest.hh in Headers */,
				271C2A3521CAC98F0045856E /* CBLQuery.h in Headers */,
				271C2A3421CAC98F0045856E /* CBLDatabase.h in Headers */,
				271C2A7521CC4BD60045856E /* Util.hh in Headers */,
				271C2A3121CAC98F0045856E /* CBLReplicator.h in Headers */,
				271C2A3221CAC98F0045856E /* CBLBase.h in Headers */,
			);
			runOnlyForDeploymentPostprocessing = 0;
		};
		27B61D6C21D6B64A0027CCDB /* Headers */ = {
			isa = PBXHeadersBuildPhase;
			buildActionMask = 2147483647;
			files = (
			);
			runOnlyForDeploymentPostprocessing = 0;
		};
/* End PBXHeadersBuildPhase section */

/* Begin PBXNativeTarget section */
		271C2A2221CAC8920045856E /* CBL_C */ = {
			isa = PBXNativeTarget;
			buildConfigurationList = 271C2A2721CAC8920045856E /* Build configuration list for PBXNativeTarget "CBL_C" */;
			buildPhases = (
				271C2A1F21CAC8920045856E /* Headers */,
				271C2A2021CAC8920045856E /* Sources */,
				271C2A2121CAC8920045856E /* Frameworks */,
			);
			buildRules = (
			);
			dependencies = (
				271C2A7B21CC86E10045856E /* PBXTargetDependency */,
			);
			name = CBL_C;
			productName = CBL_C;
			productReference = 271C2A2321CAC8920045856E /* libcouchbase_lite.a */;
			productType = "com.apple.product-type.library.static";
		};
		27B61D6F21D6B64A0027CCDB /* CBL_C Dylib */ = {
			isa = PBXNativeTarget;
			buildConfigurationList = 27B61D7821D6B64A0027CCDB /* Build configuration list for PBXNativeTarget "CBL_C Dylib" */;
			buildPhases = (
				27B61D6C21D6B64A0027CCDB /* Headers */,
				27B61D6D21D6B64A0027CCDB /* Sources */,
				27B61D6E21D6B64A0027CCDB /* Frameworks */,
			);
			buildRules = (
			);
			dependencies = (
				27B61D7C21D6B6680027CCDB /* PBXTargetDependency */,
				27B61DBE21D707910027CCDB /* PBXTargetDependency */,
			);
			name = "CBL_C Dylib";
			productName = "CBL_C Dylib";
			productReference = 27B61D7021D6B64A0027CCDB /* libcouchbase_lite.dylib */;
			productType = "com.apple.product-type.library.dynamic";
		};
		27B61DA721D6E49D0027CCDB /* CBL_Tests */ = {
			isa = PBXNativeTarget;
			buildConfigurationList = 27B61DAC21D6E49D0027CCDB /* Build configuration list for PBXNativeTarget "CBL_Tests" */;
			buildPhases = (
				27B61DA421D6E49D0027CCDB /* Sources */,
				27B61DA521D6E49D0027CCDB /* Frameworks */,
				27B61DA621D6E49D0027CCDB /* CopyFiles */,
			);
			buildRules = (
			);
			dependencies = (
				27B61DB721D6EBE00027CCDB /* PBXTargetDependency */,
			);
			name = CBL_Tests;
			productName = CBL_Tests;
			productReference = 27B61DA821D6E49D0027CCDB /* CBL_Tests */;
			productType = "com.apple.product-type.tool";
		};
/* End PBXNativeTarget section */

/* Begin PBXProject section */
		271C2A1B21CAC8920045856E /* Project object */ = {
			isa = PBXProject;
			attributes = {
				LastUpgradeCheck = 1010;
				ORGANIZATIONNAME = Couchbase;
				TargetAttributes = {
					271C2A2221CAC8920045856E = {
						CreatedOnToolsVersion = 10.1;
					};
					27B61D6F21D6B64A0027CCDB = {
						CreatedOnToolsVersion = 10.1;
					};
					27B61DA721D6E49D0027CCDB = {
						CreatedOnToolsVersion = 10.1;
					};
				};
			};
			buildConfigurationList = 271C2A1E21CAC8920045856E /* Build configuration list for PBXProject "CBL_C" */;
			compatibilityVersion = "Xcode 10.0";
			developmentRegion = en;
			hasScannedForEncodings = 0;
			knownRegions = (
				en,
			);
			mainGroup = 271C2A1A21CAC8920045856E;
			productRefGroup = 271C2A2421CAC8920045856E /* Products */;
			projectDirPath = "";
			projectReferences = (
				{
					ProductGroup = 271C2A3921CAD5950045856E /* Products */;
					ProjectRef = 271C2A3821CAD5950045856E /* LiteCore.xcodeproj */;
				},
			);
			projectRoot = "";
			targets = (
				271C2A2221CAC8920045856E /* CBL_C */,
				27B61D6F21D6B64A0027CCDB /* CBL_C Dylib */,
				27B61DA721D6E49D0027CCDB /* CBL_Tests */,
			);
		};
/* End PBXProject section */

/* Begin PBXReferenceProxy section */
		271C2A4F21CAD5950045856E /* libLiteCore-static.a */ = {
			isa = PBXReferenceProxy;
			fileType = archive.ar;
			path = "libLiteCore-static.a";
			remoteRef = 271C2A4E21CAD5950045856E /* PBXContainerItemProxy */;
			sourceTree = BUILT_PRODUCTS_DIR;
		};
		271C2A5121CAD5950045856E /* libLiteCore.dylib */ = {
			isa = PBXReferenceProxy;
			fileType = "compiled.mach-o.dylib";
			path = libLiteCore.dylib;
			remoteRef = 271C2A5021CAD5950045856E /* PBXContainerItemProxy */;
			sourceTree = BUILT_PRODUCTS_DIR;
		};
		271C2A5321CAD5950045856E /* LiteCore.framework */ = {
			isa = PBXReferenceProxy;
			fileType = wrapper.framework;
			path = LiteCore.framework;
			remoteRef = 271C2A5221CAD5950045856E /* PBXContainerItemProxy */;
			sourceTree = BUILT_PRODUCTS_DIR;
		};
		271C2A5521CAD5950045856E /* libLiteCoreREST-static.a */ = {
			isa = PBXReferenceProxy;
			fileType = archive.ar;
			path = "libLiteCoreREST-static.a";
			remoteRef = 271C2A5421CAD5950045856E /* PBXContainerItemProxy */;
			sourceTree = BUILT_PRODUCTS_DIR;
		};
		271C2A5721CAD5950045856E /* libLiteCoreREST.dylib */ = {
			isa = PBXReferenceProxy;
			fileType = "compiled.mach-o.dylib";
			path = libLiteCoreREST.dylib;
			remoteRef = 271C2A5621CAD5950045856E /* PBXContainerItemProxy */;
			sourceTree = BUILT_PRODUCTS_DIR;
		};
		271C2A5921CAD5950045856E /* libSupport.a */ = {
			isa = PBXReferenceProxy;
			fileType = archive.ar;
			path = libSupport.a;
			remoteRef = 271C2A5821CAD5950045856E /* PBXContainerItemProxy */;
			sourceTree = BUILT_PRODUCTS_DIR;
		};
		271C2A5B21CAD5950045856E /* LiteCoreCppTests */ = {
			isa = PBXReferenceProxy;
			fileType = "compiled.mach-o.executable";
			path = LiteCoreCppTests;
			remoteRef = 271C2A5A21CAD5950045856E /* PBXContainerItemProxy */;
			sourceTree = BUILT_PRODUCTS_DIR;
		};
		271C2A5D21CAD5950045856E /* C4Tests */ = {
			isa = PBXReferenceProxy;
			fileType = "compiled.mach-o.executable";
			path = C4Tests;
			remoteRef = 271C2A5C21CAD5950045856E /* PBXContainerItemProxy */;
			sourceTree = BUILT_PRODUCTS_DIR;
		};
		271C2A5F21CAD5950045856E /* libLiteCoreJNI.dylib */ = {
			isa = PBXReferenceProxy;
			fileType = "compiled.mach-o.dylib";
			path = libLiteCoreJNI.dylib;
			remoteRef = 271C2A5E21CAD5950045856E /* PBXContainerItemProxy */;
			sourceTree = BUILT_PRODUCTS_DIR;
		};
		271C2A6121CAD5950045856E /* libSQLite.a */ = {
			isa = PBXReferenceProxy;
			fileType = archive.ar;
			path = libSQLite.a;
			remoteRef = 271C2A6021CAD5950045856E /* PBXContainerItemProxy */;
			sourceTree = BUILT_PRODUCTS_DIR;
		};
		271C2A6321CAD5950045856E /* libTokenizer.a */ = {
			isa = PBXReferenceProxy;
			fileType = archive.ar;
			path = libTokenizer.a;
			remoteRef = 271C2A6221CAD5950045856E /* PBXContainerItemProxy */;
			sourceTree = BUILT_PRODUCTS_DIR;
		};
		271C2A6521CAD5950045856E /* libcivetweb.a */ = {
			isa = PBXReferenceProxy;
			fileType = archive.ar;
			path = libcivetweb.a;
			remoteRef = 271C2A6421CAD5950045856E /* PBXContainerItemProxy */;
			sourceTree = BUILT_PRODUCTS_DIR;
		};
		271C2A6721CAD5950045856E /* LiteCore Tests.xctest */ = {
			isa = PBXReferenceProxy;
			fileType = wrapper.cfbundle;
			path = "LiteCore Tests.xctest";
			remoteRef = 271C2A6621CAD5950045856E /* PBXContainerItemProxy */;
			sourceTree = BUILT_PRODUCTS_DIR;
		};
		271C2A6921CAD5950045856E /* LiteCore-iOS.app */ = {
			isa = PBXReferenceProxy;
			fileType = wrapper.application;
			path = "LiteCore-iOS.app";
			remoteRef = 271C2A6821CAD5950045856E /* PBXContainerItemProxy */;
			sourceTree = BUILT_PRODUCTS_DIR;
		};
		271C2A6B21CAD5950045856E /* LiteCoreServ-iOS.app */ = {
			isa = PBXReferenceProxy;
			fileType = wrapper.application;
			path = "LiteCoreServ-iOS.app";
			remoteRef = 271C2A6A21CAD5950045856E /* PBXContainerItemProxy */;
			sourceTree = BUILT_PRODUCTS_DIR;
		};
		271C2A6D21CAD5950045856E /* LiteCore-iOS Tests.xctest */ = {
			isa = PBXReferenceProxy;
			fileType = wrapper.cfbundle;
			path = "LiteCore-iOS Tests.xctest";
			remoteRef = 271C2A6C21CAD5950045856E /* PBXContainerItemProxy */;
			sourceTree = BUILT_PRODUCTS_DIR;
		};
/* End PBXReferenceProxy section */

/* Begin PBXSourcesBuildPhase section */
		271C2A2021CAC8920045856E /* Sources */ = {
			isa = PBXSourcesBuildPhase;
			buildActionMask = 2147483647;
			files = (
				27B61D5621D5ABA60027CCDB /* CBLQuery.cc in Sources */,
				271C2A7621CC4BD60045856E /* Util.cc in Sources */,
				271C2A7221CADB170045856E /* CBLDatabase.cc in Sources */,
				271C2A7821CC750E0045856E /* CBLDocument.cc in Sources */,
				271C2A6F21CAD5B30045856E /* CBLBase.cc in Sources */,
			);
			runOnlyForDeploymentPostprocessing = 0;
		};
		27B61D6D21D6B64A0027CCDB /* Sources */ = {
			isa = PBXSourcesBuildPhase;
			buildActionMask = 2147483647;
			files = (
				27B61D7F21D6B6900027CCDB /* dylib_main.cc in Sources */,
			);
			runOnlyForDeploymentPostprocessing = 0;
		};
		27B61DA421D6E49D0027CCDB /* Sources */ = {
			isa = PBXSourcesBuildPhase;
			buildActionMask = 2147483647;
			files = (
				27B61DB921D6ECA70027CCDB /* DatabaseTest.cc in Sources */,
				27B61DAF21D6E4B70027CCDB /* CBLTest.cc in Sources */,
			);
			runOnlyForDeploymentPostprocessing = 0;
		};
/* End PBXSourcesBuildPhase section */

/* Begin PBXTargetDependency section */
		271C2A7B21CC86E10045856E /* PBXTargetDependency */ = {
			isa = PBXTargetDependency;
			name = "LiteCore static";
			targetProxy = 271C2A7A21CC86E10045856E /* PBXContainerItemProxy */;
		};
		27B61D7C21D6B6680027CCDB /* PBXTargetDependency */ = {
			isa = PBXTargetDependency;
			target = 271C2A2221CAC8920045856E /* CBL_C */;
			targetProxy = 27B61D7B21D6B6680027CCDB /* PBXContainerItemProxy */;
		};
		27B61DB721D6EBE00027CCDB /* PBXTargetDependency */ = {
			isa = PBXTargetDependency;
			target = 27B61D6F21D6B64A0027CCDB /* CBL_C Dylib */;
			targetProxy = 27B61DB621D6EBE00027CCDB /* PBXContainerItemProxy */;
		};
		27B61DBE21D707910027CCDB /* PBXTargetDependency */ = {
			isa = PBXTargetDependency;
			name = "LiteCore static";
			targetProxy = 27B61DBD21D707910027CCDB /* PBXContainerItemProxy */;
		};
/* End PBXTargetDependency section */

/* Begin XCBuildConfiguration section */
		271C2A2521CAC8920045856E /* Debug */ = {
			isa = XCBuildConfiguration;
			baseConfigurationReference = 27B61D8921D6BAB10027CCDB /* Project_Debug.xcconfig */;
			buildSettings = {
			};
			name = Debug;
		};
		271C2A2621CAC8920045856E /* Release */ = {
			isa = XCBuildConfiguration;
			baseConfigurationReference = 27B61D8721D6BAB10027CCDB /* Project_Release.xcconfig */;
			buildSettings = {
			};
			name = Release;
		};
		271C2A2821CAC8920045856E /* Debug */ = {
			isa = XCBuildConfiguration;
			baseConfigurationReference = 27B61D8621D6BAB10027CCDB /* CBL_static.xcconfig */;
			buildSettings = {
			};
			name = Debug;
		};
		271C2A2921CAC8920045856E /* Release */ = {
			isa = XCBuildConfiguration;
			baseConfigurationReference = 27B61D8621D6BAB10027CCDB /* CBL_static.xcconfig */;
			buildSettings = {
			};
			name = Release;
		};
		27B61D7921D6B64A0027CCDB /* Debug */ = {
			isa = XCBuildConfiguration;
			baseConfigurationReference = 27B61D8821D6BAB10027CCDB /* CBL_dylib.xcconfig */;
			buildSettings = {
				EXPORTED_SYMBOLS_FILE = src/CBL.exp;
				PRODUCT_NAME = couchbase_lite;
			};
			name = Debug;
		};
		27B61D7A21D6B64A0027CCDB /* Release */ = {
			isa = XCBuildConfiguration;
			baseConfigurationReference = 27B61D8821D6BAB10027CCDB /* CBL_dylib.xcconfig */;
			buildSettings = {
				EXPORTED_SYMBOLS_FILE = src/CBL.exp;
				PRODUCT_NAME = couchbase_lite;
			};
			name = Release;
		};
		27B61DAD21D6E49D0027CCDB /* Debug */ = {
			isa = XCBuildConfiguration;
			baseConfigurationReference = 27B61DB021D6E53D0027CCDB /* Tests.xcconfig */;
			buildSettings = {
				ALWAYS_SEARCH_USER_PATHS = NO;
				CLANG_ANALYZER_NONNULL = YES;
				CLANG_ANALYZER_NUMBER_OBJECT_CONVERSION = YES_AGGRESSIVE;
				CLANG_CXX_LANGUAGE_STANDARD = "gnu++14";
				CLANG_CXX_LIBRARY = "libc++";
				CLANG_ENABLE_MODULES = YES;
				CLANG_ENABLE_OBJC_ARC = YES;
				CLANG_ENABLE_OBJC_WEAK = YES;
				CLANG_WARN_BLOCK_CAPTURE_AUTORELEASING = YES;
				CLANG_WARN_BOOL_CONVERSION = YES;
				CLANG_WARN_COMMA = YES;
				CLANG_WARN_CONSTANT_CONVERSION = YES;
				CLANG_WARN_DEPRECATED_OBJC_IMPLEMENTATIONS = YES;
				CLANG_WARN_DIRECT_OBJC_ISA_USAGE = YES_ERROR;
				CLANG_WARN_DOCUMENTATION_COMMENTS = YES;
				CLANG_WARN_EMPTY_BODY = YES;
				CLANG_WARN_ENUM_CONVERSION = YES;
				CLANG_WARN_INFINITE_RECURSION = YES;
				CLANG_WARN_INT_CONVERSION = YES;
				CLANG_WARN_NON_LITERAL_NULL_CONVERSION = YES;
				CLANG_WARN_OBJC_IMPLICIT_RETAIN_SELF = YES;
				CLANG_WARN_OBJC_LITERAL_CONVERSION = YES;
				CLANG_WARN_OBJC_ROOT_CLASS = YES_ERROR;
				CLANG_WARN_RANGE_LOOP_ANALYSIS = YES;
				CLANG_WARN_STRICT_PROTOTYPES = YES;
				CLANG_WARN_SUSPICIOUS_MOVE = YES;
				CLANG_WARN_UNGUARDED_AVAILABILITY = YES_AGGRESSIVE;
				CLANG_WARN_UNREACHABLE_CODE = YES;
				CLANG_WARN__DUPLICATE_METHOD_MATCH = YES;
				CODE_SIGN_IDENTITY = "Mac Developer";
				CODE_SIGN_STYLE = Automatic;
				COPY_PHASE_STRIP = NO;
				DEBUG_INFORMATION_FORMAT = dwarf;
				DEVELOPMENT_TEAM = N2Q372V7W2;
				ENABLE_STRICT_OBJC_MSGSEND = YES;
				ENABLE_TESTABILITY = YES;
				GCC_C_LANGUAGE_STANDARD = gnu11;
				GCC_DYNAMIC_NO_PIC = NO;
				GCC_NO_COMMON_BLOCKS = YES;
				GCC_OPTIMIZATION_LEVEL = 0;
				GCC_PREPROCESSOR_DEFINITIONS = (
					"DEBUG=1",
					"$(inherited)",
				);
				GCC_WARN_64_TO_32_BIT_CONVERSION = YES;
				GCC_WARN_ABOUT_RETURN_TYPE = YES_ERROR;
				GCC_WARN_UNDECLARED_SELECTOR = YES;
				GCC_WARN_UNINITIALIZED_AUTOS = YES_AGGRESSIVE;
				GCC_WARN_UNUSED_FUNCTION = YES;
				GCC_WARN_UNUSED_VARIABLE = YES;
				MACOSX_DEPLOYMENT_TARGET = 10.14;
				MTL_ENABLE_DEBUG_INFO = INCLUDE_SOURCE;
				MTL_FAST_MATH = YES;
				ONLY_ACTIVE_ARCH = YES;
				PRODUCT_NAME = "$(TARGET_NAME)";
				SDKROOT = macosx;
			};
			name = Debug;
		};
		27B61DAE21D6E49D0027CCDB /* Release */ = {
			isa = XCBuildConfiguration;
			baseConfigurationReference = 27B61DB021D6E53D0027CCDB /* Tests.xcconfig */;
			buildSettings = {
				ALWAYS_SEARCH_USER_PATHS = NO;
				CLANG_ANALYZER_NONNULL = YES;
				CLANG_ANALYZER_NUMBER_OBJECT_CONVERSION = YES_AGGRESSIVE;
				CLANG_CXX_LANGUAGE_STANDARD = "gnu++14";
				CLANG_CXX_LIBRARY = "libc++";
				CLANG_ENABLE_MODULES = YES;
				CLANG_ENABLE_OBJC_ARC = YES;
				CLANG_ENABLE_OBJC_WEAK = YES;
				CLANG_WARN_BLOCK_CAPTURE_AUTORELEASING = YES;
				CLANG_WARN_BOOL_CONVERSION = YES;
				CLANG_WARN_COMMA = YES;
				CLANG_WARN_CONSTANT_CONVERSION = YES;
				CLANG_WARN_DEPRECATED_OBJC_IMPLEMENTATIONS = YES;
				CLANG_WARN_DIRECT_OBJC_ISA_USAGE = YES_ERROR;
				CLANG_WARN_DOCUMENTATION_COMMENTS = YES;
				CLANG_WARN_EMPTY_BODY = YES;
				CLANG_WARN_ENUM_CONVERSION = YES;
				CLANG_WARN_INFINITE_RECURSION = YES;
				CLANG_WARN_INT_CONVERSION = YES;
				CLANG_WARN_NON_LITERAL_NULL_CONVERSION = YES;
				CLANG_WARN_OBJC_IMPLICIT_RETAIN_SELF = YES;
				CLANG_WARN_OBJC_LITERAL_CONVERSION = YES;
				CLANG_WARN_OBJC_ROOT_CLASS = YES_ERROR;
				CLANG_WARN_RANGE_LOOP_ANALYSIS = YES;
				CLANG_WARN_STRICT_PROTOTYPES = YES;
				CLANG_WARN_SUSPICIOUS_MOVE = YES;
				CLANG_WARN_UNGUARDED_AVAILABILITY = YES_AGGRESSIVE;
				CLANG_WARN_UNREACHABLE_CODE = YES;
				CLANG_WARN__DUPLICATE_METHOD_MATCH = YES;
				CODE_SIGN_IDENTITY = "Mac Developer";
				CODE_SIGN_STYLE = Automatic;
				COPY_PHASE_STRIP = NO;
				DEBUG_INFORMATION_FORMAT = "dwarf-with-dsym";
				DEVELOPMENT_TEAM = N2Q372V7W2;
				ENABLE_NS_ASSERTIONS = NO;
				ENABLE_STRICT_OBJC_MSGSEND = YES;
				GCC_C_LANGUAGE_STANDARD = gnu11;
				GCC_NO_COMMON_BLOCKS = YES;
				GCC_WARN_64_TO_32_BIT_CONVERSION = YES;
				GCC_WARN_ABOUT_RETURN_TYPE = YES_ERROR;
				GCC_WARN_UNDECLARED_SELECTOR = YES;
				GCC_WARN_UNINITIALIZED_AUTOS = YES_AGGRESSIVE;
				GCC_WARN_UNUSED_FUNCTION = YES;
				GCC_WARN_UNUSED_VARIABLE = YES;
				MACOSX_DEPLOYMENT_TARGET = 10.14;
				MTL_ENABLE_DEBUG_INFO = NO;
				MTL_FAST_MATH = YES;
				PRODUCT_NAME = "$(TARGET_NAME)";
				SDKROOT = macosx;
			};
			name = Release;
		};
/* End XCBuildConfiguration section */

/* Begin XCConfigurationList section */
		271C2A1E21CAC8920045856E /* Build configuration list for PBXProject "CBL_C" */ = {
			isa = XCConfigurationList;
			buildConfigurations = (
				271C2A2521CAC8920045856E /* Debug */,
				271C2A2621CAC8920045856E /* Release */,
			);
			defaultConfigurationIsVisible = 0;
			defaultConfigurationName = Release;
		};
		271C2A2721CAC8920045856E /* Build configuration list for PBXNativeTarget "CBL_C" */ = {
			isa = XCConfigurationList;
			buildConfigurations = (
				271C2A2821CAC8920045856E /* Debug */,
				271C2A2921CAC8920045856E /* Release */,
			);
			defaultConfigurationIsVisible = 0;
			defaultConfigurationName = Release;
		};
		27B61D7821D6B64A0027CCDB /* Build configuration list for PBXNativeTarget "CBL_C Dylib" */ = {
			isa = XCConfigurationList;
			buildConfigurations = (
				27B61D7921D6B64A0027CCDB /* Debug */,
				27B61D7A21D6B64A0027CCDB /* Release */,
			);
			defaultConfigurationIsVisible = 0;
			defaultConfigurationName = Release;
		};
		27B61DAC21D6E49D0027CCDB /* Build configuration list for PBXNativeTarget "CBL_Tests" */ = {
			isa = XCConfigurationList;
			buildConfigurations = (
				27B61DAD21D6E49D0027CCDB /* Debug */,
				27B61DAE21D6E49D0027CCDB /* Release */,
			);
			defaultConfigurationIsVisible = 0;
			defaultConfigurationName = Release;
		};
/* End XCConfigurationList section */
	};
	rootObject = 271C2A1B21CAC8920045856E /* Project object */;
}
